// !$*UTF8*$!
{
	archiveVersion = 1;
	classes = {
	};
	objectVersion = 56;
	objects = {

/* Begin PBXBuildFile section */
		DC4C9EB12C9FFCCB00ADEA13 /* AppDelegate.swift in Sources */ = {isa = PBXBuildFile; fileRef = DC4C9EB02C9FFCCB00ADEA13 /* AppDelegate.swift */; };
		DC4C9EB52C9FFCCB00ADEA13 /* MainViewController.swift in Sources */ = {isa = PBXBuildFile; fileRef = DC4C9EB42C9FFCCB00ADEA13 /* MainViewController.swift */; };
		DC4C9EBB2C9FFCCB00ADEA13 /* SmoothSettle.xcdatamodeld in Sources */ = {isa = PBXBuildFile; fileRef = DC4C9EB92C9FFCCB00ADEA13 /* SmoothSettle.xcdatamodeld */; };
		DC4C9EBD2C9FFCCC00ADEA13 /* Assets.xcassets in Resources */ = {isa = PBXBuildFile; fileRef = DC4C9EBC2C9FFCCC00ADEA13 /* Assets.xcassets */; };
		DC4C9EC02C9FFCCC00ADEA13 /* LaunchScreen.storyboard in Resources */ = {isa = PBXBuildFile; fileRef = DC4C9EBE2C9FFCCC00ADEA13 /* LaunchScreen.storyboard */; };
		DC4C9EDE2CA126D800ADEA13 /* UIColor+Extension.swift in Sources */ = {isa = PBXBuildFile; fileRef = DC4C9EDD2CA126D800ADEA13 /* UIColor+Extension.swift */; };
		DC4C9EE02CA1270500ADEA13 /* Colors.swift in Sources */ = {isa = PBXBuildFile; fileRef = DC4C9EDF2CA1270500ADEA13 /* Colors.swift */; };
		DC4C9EE32CA1298100ADEA13 /* MainViewModel.swift in Sources */ = {isa = PBXBuildFile; fileRef = DC4C9EE22CA1298100ADEA13 /* MainViewModel.swift */; };
		DC4C9EE62CA12A7500ADEA13 /* AddTripViewController.swift in Sources */ = {isa = PBXBuildFile; fileRef = DC4C9EE52CA12A7500ADEA13 /* AddTripViewController.swift */; };
		DC531AF52CA1FA530053DC24 /* Person+CoreDataClass.swift in Sources */ = {isa = PBXBuildFile; fileRef = DC531AEF2CA1FA530053DC24 /* Person+CoreDataClass.swift */; };
		DC531AF62CA1FA530053DC24 /* Person+CoreDataProperties.swift in Sources */ = {isa = PBXBuildFile; fileRef = DC531AF02CA1FA530053DC24 /* Person+CoreDataProperties.swift */; };
		DC531AF72CA1FA530053DC24 /* Trip+CoreDataClass.swift in Sources */ = {isa = PBXBuildFile; fileRef = DC531AF12CA1FA530053DC24 /* Trip+CoreDataClass.swift */; };
		DC531AF82CA1FA530053DC24 /* Trip+CoreDataProperties.swift in Sources */ = {isa = PBXBuildFile; fileRef = DC531AF22CA1FA530053DC24 /* Trip+CoreDataProperties.swift */; };
		DC531AF92CA1FA530053DC24 /* Bill+CoreDataClass.swift in Sources */ = {isa = PBXBuildFile; fileRef = DC531AF32CA1FA530053DC24 /* Bill+CoreDataClass.swift */; };
		DC531AFA2CA1FA530053DC24 /* Bill+CoreDataProperties.swift in Sources */ = {isa = PBXBuildFile; fileRef = DC531AF42CA1FA530053DC24 /* Bill+CoreDataProperties.swift */; };
		DC531AFD2CA201350053DC24 /* Trip+Convenience.swift in Sources */ = {isa = PBXBuildFile; fileRef = DC531AFC2CA201350053DC24 /* Trip+Convenience.swift */; };
		DC531AFF2CA2014C0053DC24 /* Person+Convenience.swift in Sources */ = {isa = PBXBuildFile; fileRef = DC531AFE2CA2014C0053DC24 /* Person+Convenience.swift */; };
		DC531B022CA201C00053DC24 /* TripRepository.swift in Sources */ = {isa = PBXBuildFile; fileRef = DC531B012CA201C00053DC24 /* TripRepository.swift */; };
		DC531B042CA204AC0053DC24 /* CoreDataManager.swift in Sources */ = {isa = PBXBuildFile; fileRef = DC531B032CA204AC0053DC24 /* CoreDataManager.swift */; };
		DC531B072CA209920053DC24 /* PeopleSliderView.swift in Sources */ = {isa = PBXBuildFile; fileRef = DC531B062CA209920053DC24 /* PeopleSliderView.swift */; };
		DC531B0A2CA22AED0053DC24 /* BillTableViewCell.swift in Sources */ = {isa = PBXBuildFile; fileRef = DC531B092CA22AED0053DC24 /* BillTableViewCell.swift */; };
		DC531B112CA247400053DC24 /* AddBillViewController.swift in Sources */ = {isa = PBXBuildFile; fileRef = DC531B102CA247400053DC24 /* AddBillViewController.swift */; };
		DC531B132CA24FF40053DC24 /* PeopleCell.swift in Sources */ = {isa = PBXBuildFile; fileRef = DC531B122CA24FF40053DC24 /* PeopleCell.swift */; };
		DC531B682CA76D890053DC24 /* BillDetailView.swift in Sources */ = {isa = PBXBuildFile; fileRef = DC531B672CA76D890053DC24 /* BillDetailView.swift */; };
		DC6DE6E72CB9F0F90050F6EF /* SimplifyDebts.swift in Sources */ = {isa = PBXBuildFile; fileRef = DC6DE6E62CB9F0F90050F6EF /* SimplifyDebts.swift */; };
		DC6DE6ED2CB9F5300050F6EF /* FirebaseAuth in Frameworks */ = {isa = PBXBuildFile; productRef = DC6DE6EC2CB9F5300050F6EF /* FirebaseAuth */; };
		DC6DE6EF2CB9F5300050F6EF /* FirebaseCore in Frameworks */ = {isa = PBXBuildFile; productRef = DC6DE6EE2CB9F5300050F6EF /* FirebaseCore */; };
		DC6DE6F12CB9F5300050F6EF /* FirebaseDatabase in Frameworks */ = {isa = PBXBuildFile; productRef = DC6DE6F02CB9F5300050F6EF /* FirebaseDatabase */; };
		DC6DE6F32CB9F5300050F6EF /* FirebaseFirestore in Frameworks */ = {isa = PBXBuildFile; productRef = DC6DE6F22CB9F5300050F6EF /* FirebaseFirestore */; };
		DC6DE71D2CB9FC3F0050F6EF /* PhoneNumberController.swift in Sources */ = {isa = PBXBuildFile; fileRef = DC6DE7022CB9FC3F0050F6EF /* PhoneNumberController.swift */; };
		DC6DE71E2CB9FC3F0050F6EF /* MethodExtensions.swift in Sources */ = {isa = PBXBuildFile; fileRef = DC6DE7112CB9FC3F0050F6EF /* MethodExtensions.swift */; };
		DC6DE71F2CB9FC3F0050F6EF /* DummyViewController.swift in Sources */ = {isa = PBXBuildFile; fileRef = DC6DE6F72CB9FC3F0050F6EF /* DummyViewController.swift */; };
		DC6DE7202CB9FC3F0050F6EF /* LoginView.swift in Sources */ = {isa = PBXBuildFile; fileRef = DC6DE6F62CB9FC3F0050F6EF /* LoginView.swift */; };
		DC6DE7212CB9FC3F0050F6EF /* LoginViewController.swift in Sources */ = {isa = PBXBuildFile; fileRef = DC6DE6F52CB9FC3F0050F6EF /* LoginViewController.swift */; };
		DC6DE7222CB9FC3F0050F6EF /* AuthenticationButtonsView.swift in Sources */ = {isa = PBXBuildFile; fileRef = DC6DE6F82CB9FC3F0050F6EF /* AuthenticationButtonsView.swift */; };
		DC6DE7232CB9FC3F0050F6EF /* DataGlobal.swift in Sources */ = {isa = PBXBuildFile; fileRef = DC6DE70C2CB9FC3F0050F6EF /* DataGlobal.swift */; };
		DC6DE7242CB9FC3F0050F6EF /* SMSCodeViewController.swift in Sources */ = {isa = PBXBuildFile; fileRef = DC6DE71A2CB9FC3F0050F6EF /* SMSCodeViewController.swift */; };
		DC6DE7252CB9FC3F0050F6EF /* PhoneNumberViewContainer.swift in Sources */ = {isa = PBXBuildFile; fileRef = DC6DE6FB2CB9FC3F0050F6EF /* PhoneNumberViewContainer.swift */; };
		DC6DE7262CB9FC3F0050F6EF /* PhoneNumberViewController.swift in Sources */ = {isa = PBXBuildFile; fileRef = DC6DE7032CB9FC3F0050F6EF /* PhoneNumberViewController.swift */; };
		DC6DE7272CB9FC3F0050F6EF /* VerificationCodeViewController.swift in Sources */ = {isa = PBXBuildFile; fileRef = DC6DE7062CB9FC3F0050F6EF /* VerificationCodeViewController.swift */; };
		DC6DE7282CB9FC3F0050F6EF /* CountryCodeViewController.swift in Sources */ = {isa = PBXBuildFile; fileRef = DC6DE7092CB9FC3F0050F6EF /* CountryCodeViewController.swift */; };
		DC6DE7292CB9FC3F0050F6EF /* MainTabBarController.swift in Sources */ = {isa = PBXBuildFile; fileRef = DC6DE7052CB9FC3F0050F6EF /* MainTabBarController.swift */; };
		DC6DE72A2CB9FC3F0050F6EF /* ViewExtensions.swift in Sources */ = {isa = PBXBuildFile; fileRef = DC6DE70E2CB9FC3F0050F6EF /* ViewExtensions.swift */; };
		DC6DE72B2CB9FC3F0050F6EF /* UITextFieldExtensions.swift in Sources */ = {isa = PBXBuildFile; fileRef = DC6DE7122CB9FC3F0050F6EF /* UITextFieldExtensions.swift */; };
		DC6DE72C2CB9FC3F0050F6EF /* PhoneViewController.swift in Sources */ = {isa = PBXBuildFile; fileRef = DC6DE7192CB9FC3F0050F6EF /* PhoneViewController.swift */; };
		DC6DE72D2CB9FC3F0050F6EF /* TableViewCellExtensions.swift in Sources */ = {isa = PBXBuildFile; fileRef = DC6DE7102CB9FC3F0050F6EF /* TableViewCellExtensions.swift */; };
		DC6DE72E2CB9FC3F0050F6EF /* Country.swift in Sources */ = {isa = PBXBuildFile; fileRef = DC6DE7162CB9FC3F0050F6EF /* Country.swift */; };
		DC6DE72F2CB9FC3F0050F6EF /* VerificationController.swift in Sources */ = {isa = PBXBuildFile; fileRef = DC6DE7072CB9FC3F0050F6EF /* VerificationController.swift */; };
		DC6DE7302CB9FC3F0050F6EF /* VerificationViewContainer.swift in Sources */ = {isa = PBXBuildFile; fileRef = DC6DE6FD2CB9FC3F0050F6EF /* VerificationViewContainer.swift */; };
		DC6DE7312CB9FC3F0050F6EF /* ThemeManager.swift in Sources */ = {isa = PBXBuildFile; fileRef = DC6DE7142CB9FC3F0050F6EF /* ThemeManager.swift */; };
		DC6DE7322CB9FC3F0050F6EF /* AuthManager.swift in Sources */ = {isa = PBXBuildFile; fileRef = DC6DE7182CB9FC3F0050F6EF /* AuthManager.swift */; };
		DC6DE7332CB9FC3F0050F6EF /* ProfileViewContainer.swift in Sources */ = {isa = PBXBuildFile; fileRef = DC6DE6FF2CB9FC3F0050F6EF /* ProfileViewContainer.swift */; };
		DC6DE7342CB9FC3F0050F6EF /* DividerView.swift in Sources */ = {isa = PBXBuildFile; fileRef = DC6DE6F92CB9FC3F0050F6EF /* DividerView.swift */; };
		DC6DE7352CB9FC3F0050F6EF /* Utilities.swift in Sources */ = {isa = PBXBuildFile; fileRef = DC6DE70F2CB9FC3F0050F6EF /* Utilities.swift */; };
		DC6DE7372CB9FC8D0050F6EF /* CallingCodes.plist in Resources */ = {isa = PBXBuildFile; fileRef = DC6DE7362CB9FC8D0050F6EF /* CallingCodes.plist */; };
		DC6DE73C2CBA00880050F6EF /* GoogleSignIn in Frameworks */ = {isa = PBXBuildFile; productRef = DC6DE73B2CBA00880050F6EF /* GoogleSignIn */; };
		DC6DE73E2CBA00880050F6EF /* GoogleSignInSwift in Frameworks */ = {isa = PBXBuildFile; productRef = DC6DE73D2CBA00880050F6EF /* GoogleSignInSwift */; };
		DC6DE7422CBA50140050F6EF /* GoogleService-Info.plist in Resources */ = {isa = PBXBuildFile; fileRef = DC6DE7412CBA50140050F6EF /* GoogleService-Info.plist */; };
		DC6DE7442CBA530A0050F6EF /* UserViewController.swift in Sources */ = {isa = PBXBuildFile; fileRef = DC6DE7432CBA530A0050F6EF /* UserViewController.swift */; };
		DC6DE7462CBA5BCF0050F6EF /* MainView.swift in Sources */ = {isa = PBXBuildFile; fileRef = DC6DE7452CBA5BCF0050F6EF /* MainView.swift */; };
		DC6DE76D2CBB0D1D0050F6EF /* BillsViewController.swift in Sources */ = {isa = PBXBuildFile; fileRef = DC6DE76C2CBB0D1D0050F6EF /* BillsViewController.swift */; };
		DC6DE76F2CBB27730050F6EF /* SettleViewController.swift in Sources */ = {isa = PBXBuildFile; fileRef = DC6DE76E2CBB27730050F6EF /* SettleViewController.swift */; };
		DC6DE7712CBB47A40050F6EF /* UserCircleView.swift in Sources */ = {isa = PBXBuildFile; fileRef = DC6DE7702CBB47A40050F6EF /* UserCircleView.swift */; };
		DC6DE7732CBB47BF0050F6EF /* CircleLayoutView.swift in Sources */ = {isa = PBXBuildFile; fileRef = DC6DE7722CBB47BF0050F6EF /* CircleLayoutView.swift */; };
		DC6DE7752CBB58AF0050F6EF /* TransactionCell.swift in Sources */ = {isa = PBXBuildFile; fileRef = DC6DE7742CBB58AF0050F6EF /* TransactionCell.swift */; };
		DC6DE7772CBB58C20050F6EF /* TransactionsTableView.swift in Sources */ = {isa = PBXBuildFile; fileRef = DC6DE7762CBB58C20050F6EF /* TransactionsTableView.swift */; };
		DC6DE77A2CBD09240050F6EF /* AddBillView.swift in Sources */ = {isa = PBXBuildFile; fileRef = DC6DE7792CBD09240050F6EF /* AddBillView.swift */; };
		DC6DE77D2CBD12030050F6EF /* BillDetailViewController.swift in Sources */ = {isa = PBXBuildFile; fileRef = DC6DE77C2CBD12030050F6EF /* BillDetailViewController.swift */; };
		DC6DE77F2CBD12560050F6EF /* PhotoViewController.swift in Sources */ = {isa = PBXBuildFile; fileRef = DC6DE77E2CBD12560050F6EF /* PhotoViewController.swift */; };
		DC6DE7812CBD14EE0050F6EF /* BillDetailTableViewCell.swift in Sources */ = {isa = PBXBuildFile; fileRef = DC6DE7802CBD14EE0050F6EF /* BillDetailTableViewCell.swift */; };
		DC6DE7832CBD190D0050F6EF /* BillDetailViewModel.swift in Sources */ = {isa = PBXBuildFile; fileRef = DC6DE7822CBD190D0050F6EF /* BillDetailViewModel.swift */; };
		DC6DE7862CBE045F0050F6EF /* CustomCardView.swift in Sources */ = {isa = PBXBuildFile; fileRef = DC6DE7852CBE045F0050F6EF /* CustomCardView.swift */; };
		DC6DE7892CBE0AFB0050F6EF /* ArchiveViewModel.swift in Sources */ = {isa = PBXBuildFile; fileRef = DC6DE7882CBE0AFB0050F6EF /* ArchiveViewModel.swift */; };
		DC6DE78B2CBE0B100050F6EF /* ArchiveViewController.swift in Sources */ = {isa = PBXBuildFile; fileRef = DC6DE78A2CBE0B100050F6EF /* ArchiveViewController.swift */; };
		DC6DE78D2CBE0B600050F6EF /* CardView.swift in Sources */ = {isa = PBXBuildFile; fileRef = DC6DE78C2CBE0B600050F6EF /* CardView.swift */; };
		DC6DE78F2CBE0B830050F6EF /* ArchiveView.swift in Sources */ = {isa = PBXBuildFile; fileRef = DC6DE78E2CBE0B830050F6EF /* ArchiveView.swift */; };
/* End PBXBuildFile section */

/* Begin PBXFileReference section */
		DC4C9EAD2C9FFCCB00ADEA13 /* SmoothSettle.app */ = {isa = PBXFileReference; explicitFileType = wrapper.application; includeInIndex = 0; path = SmoothSettle.app; sourceTree = BUILT_PRODUCTS_DIR; };
		DC4C9EB02C9FFCCB00ADEA13 /* AppDelegate.swift */ = {isa = PBXFileReference; lastKnownFileType = sourcecode.swift; path = AppDelegate.swift; sourceTree = "<group>"; };
		DC4C9EB42C9FFCCB00ADEA13 /* MainViewController.swift */ = {isa = PBXFileReference; lastKnownFileType = sourcecode.swift; path = MainViewController.swift; sourceTree = "<group>"; };
		DC4C9EBA2C9FFCCB00ADEA13 /* SmoothSettle.xcdatamodel */ = {isa = PBXFileReference; lastKnownFileType = wrapper.xcdatamodel; path = SmoothSettle.xcdatamodel; sourceTree = "<group>"; };
		DC4C9EBC2C9FFCCC00ADEA13 /* Assets.xcassets */ = {isa = PBXFileReference; lastKnownFileType = folder.assetcatalog; path = Assets.xcassets; sourceTree = "<group>"; };
		DC4C9EBF2C9FFCCC00ADEA13 /* Base */ = {isa = PBXFileReference; lastKnownFileType = file.storyboard; name = Base; path = Base.lproj/LaunchScreen.storyboard; sourceTree = "<group>"; };
		DC4C9EC12C9FFCCC00ADEA13 /* Info.plist */ = {isa = PBXFileReference; lastKnownFileType = text.plist.xml; path = Info.plist; sourceTree = "<group>"; };
		DC4C9EDD2CA126D800ADEA13 /* UIColor+Extension.swift */ = {isa = PBXFileReference; lastKnownFileType = sourcecode.swift; path = "UIColor+Extension.swift"; sourceTree = "<group>"; };
		DC4C9EDF2CA1270500ADEA13 /* Colors.swift */ = {isa = PBXFileReference; lastKnownFileType = sourcecode.swift; path = Colors.swift; sourceTree = "<group>"; };
		DC4C9EE22CA1298100ADEA13 /* MainViewModel.swift */ = {isa = PBXFileReference; lastKnownFileType = sourcecode.swift; path = MainViewModel.swift; sourceTree = "<group>"; };
		DC4C9EE52CA12A7500ADEA13 /* AddTripViewController.swift */ = {isa = PBXFileReference; lastKnownFileType = sourcecode.swift; path = AddTripViewController.swift; sourceTree = "<group>"; };
		DC531AEF2CA1FA530053DC24 /* Person+CoreDataClass.swift */ = {isa = PBXFileReference; lastKnownFileType = sourcecode.swift; path = "Person+CoreDataClass.swift"; sourceTree = "<group>"; };
		DC531AF02CA1FA530053DC24 /* Person+CoreDataProperties.swift */ = {isa = PBXFileReference; lastKnownFileType = sourcecode.swift; path = "Person+CoreDataProperties.swift"; sourceTree = "<group>"; };
		DC531AF12CA1FA530053DC24 /* Trip+CoreDataClass.swift */ = {isa = PBXFileReference; lastKnownFileType = sourcecode.swift; path = "Trip+CoreDataClass.swift"; sourceTree = "<group>"; };
		DC531AF22CA1FA530053DC24 /* Trip+CoreDataProperties.swift */ = {isa = PBXFileReference; lastKnownFileType = sourcecode.swift; path = "Trip+CoreDataProperties.swift"; sourceTree = "<group>"; };
		DC531AF32CA1FA530053DC24 /* Bill+CoreDataClass.swift */ = {isa = PBXFileReference; lastKnownFileType = sourcecode.swift; path = "Bill+CoreDataClass.swift"; sourceTree = "<group>"; };
		DC531AF42CA1FA530053DC24 /* Bill+CoreDataProperties.swift */ = {isa = PBXFileReference; lastKnownFileType = sourcecode.swift; path = "Bill+CoreDataProperties.swift"; sourceTree = "<group>"; };
		DC531AFC2CA201350053DC24 /* Trip+Convenience.swift */ = {isa = PBXFileReference; lastKnownFileType = sourcecode.swift; path = "Trip+Convenience.swift"; sourceTree = "<group>"; };
		DC531AFE2CA2014C0053DC24 /* Person+Convenience.swift */ = {isa = PBXFileReference; lastKnownFileType = sourcecode.swift; path = "Person+Convenience.swift"; sourceTree = "<group>"; };
		DC531B012CA201C00053DC24 /* TripRepository.swift */ = {isa = PBXFileReference; lastKnownFileType = sourcecode.swift; path = TripRepository.swift; sourceTree = "<group>"; };
		DC531B032CA204AC0053DC24 /* CoreDataManager.swift */ = {isa = PBXFileReference; lastKnownFileType = sourcecode.swift; path = CoreDataManager.swift; sourceTree = "<group>"; };
		DC531B062CA209920053DC24 /* PeopleSliderView.swift */ = {isa = PBXFileReference; lastKnownFileType = sourcecode.swift; path = PeopleSliderView.swift; sourceTree = "<group>"; };
		DC531B092CA22AED0053DC24 /* BillTableViewCell.swift */ = {isa = PBXFileReference; lastKnownFileType = sourcecode.swift; path = BillTableViewCell.swift; sourceTree = "<group>"; };
		DC531B102CA247400053DC24 /* AddBillViewController.swift */ = {isa = PBXFileReference; lastKnownFileType = sourcecode.swift; path = AddBillViewController.swift; sourceTree = "<group>"; };
		DC531B122CA24FF40053DC24 /* PeopleCell.swift */ = {isa = PBXFileReference; lastKnownFileType = sourcecode.swift; path = PeopleCell.swift; sourceTree = "<group>"; };
		DC531B672CA76D890053DC24 /* BillDetailView.swift */ = {isa = PBXFileReference; lastKnownFileType = sourcecode.swift; path = BillDetailView.swift; sourceTree = "<group>"; };
		DC6DE6E62CB9F0F90050F6EF /* SimplifyDebts.swift */ = {isa = PBXFileReference; lastKnownFileType = sourcecode.swift; path = SimplifyDebts.swift; sourceTree = "<group>"; };
		DC6DE6F42CB9F7E70050F6EF /* SmoothSettle.entitlements */ = {isa = PBXFileReference; lastKnownFileType = text.plist.entitlements; path = SmoothSettle.entitlements; sourceTree = "<group>"; };
		DC6DE6F52CB9FC3F0050F6EF /* LoginViewController.swift */ = {isa = PBXFileReference; lastKnownFileType = sourcecode.swift; path = LoginViewController.swift; sourceTree = "<group>"; };
		DC6DE6F62CB9FC3F0050F6EF /* LoginView.swift */ = {isa = PBXFileReference; lastKnownFileType = sourcecode.swift; path = LoginView.swift; sourceTree = "<group>"; };
		DC6DE6F72CB9FC3F0050F6EF /* DummyViewController.swift */ = {isa = PBXFileReference; lastKnownFileType = sourcecode.swift; path = DummyViewController.swift; sourceTree = "<group>"; };
		DC6DE6F82CB9FC3F0050F6EF /* AuthenticationButtonsView.swift */ = {isa = PBXFileReference; lastKnownFileType = sourcecode.swift; path = AuthenticationButtonsView.swift; sourceTree = "<group>"; };
		DC6DE6F92CB9FC3F0050F6EF /* DividerView.swift */ = {isa = PBXFileReference; lastKnownFileType = sourcecode.swift; path = DividerView.swift; sourceTree = "<group>"; };
		DC6DE6FB2CB9FC3F0050F6EF /* PhoneNumberViewContainer.swift */ = {isa = PBXFileReference; lastKnownFileType = sourcecode.swift; path = PhoneNumberViewContainer.swift; sourceTree = "<group>"; };
		DC6DE6FD2CB9FC3F0050F6EF /* VerificationViewContainer.swift */ = {isa = PBXFileReference; lastKnownFileType = sourcecode.swift; path = VerificationViewContainer.swift; sourceTree = "<group>"; };
		DC6DE6FF2CB9FC3F0050F6EF /* ProfileViewContainer.swift */ = {isa = PBXFileReference; lastKnownFileType = sourcecode.swift; path = ProfileViewContainer.swift; sourceTree = "<group>"; };
		DC6DE7022CB9FC3F0050F6EF /* PhoneNumberController.swift */ = {isa = PBXFileReference; lastKnownFileType = sourcecode.swift; path = PhoneNumberController.swift; sourceTree = "<group>"; };
		DC6DE7032CB9FC3F0050F6EF /* PhoneNumberViewController.swift */ = {isa = PBXFileReference; lastKnownFileType = sourcecode.swift; path = PhoneNumberViewController.swift; sourceTree = "<group>"; };
		DC6DE7052CB9FC3F0050F6EF /* MainTabBarController.swift */ = {isa = PBXFileReference; lastKnownFileType = sourcecode.swift; path = MainTabBarController.swift; sourceTree = "<group>"; };
		DC6DE7062CB9FC3F0050F6EF /* VerificationCodeViewController.swift */ = {isa = PBXFileReference; lastKnownFileType = sourcecode.swift; path = VerificationCodeViewController.swift; sourceTree = "<group>"; };
		DC6DE7072CB9FC3F0050F6EF /* VerificationController.swift */ = {isa = PBXFileReference; lastKnownFileType = sourcecode.swift; path = VerificationController.swift; sourceTree = "<group>"; };
		DC6DE7092CB9FC3F0050F6EF /* CountryCodeViewController.swift */ = {isa = PBXFileReference; lastKnownFileType = sourcecode.swift; path = CountryCodeViewController.swift; sourceTree = "<group>"; };
		DC6DE70C2CB9FC3F0050F6EF /* DataGlobal.swift */ = {isa = PBXFileReference; lastKnownFileType = sourcecode.swift; path = DataGlobal.swift; sourceTree = "<group>"; };
		DC6DE70E2CB9FC3F0050F6EF /* ViewExtensions.swift */ = {isa = PBXFileReference; lastKnownFileType = sourcecode.swift; path = ViewExtensions.swift; sourceTree = "<group>"; };
		DC6DE70F2CB9FC3F0050F6EF /* Utilities.swift */ = {isa = PBXFileReference; lastKnownFileType = sourcecode.swift; path = Utilities.swift; sourceTree = "<group>"; };
		DC6DE7102CB9FC3F0050F6EF /* TableViewCellExtensions.swift */ = {isa = PBXFileReference; lastKnownFileType = sourcecode.swift; path = TableViewCellExtensions.swift; sourceTree = "<group>"; };
		DC6DE7112CB9FC3F0050F6EF /* MethodExtensions.swift */ = {isa = PBXFileReference; lastKnownFileType = sourcecode.swift; path = MethodExtensions.swift; sourceTree = "<group>"; };
		DC6DE7122CB9FC3F0050F6EF /* UITextFieldExtensions.swift */ = {isa = PBXFileReference; lastKnownFileType = sourcecode.swift; path = UITextFieldExtensions.swift; sourceTree = "<group>"; };
		DC6DE7142CB9FC3F0050F6EF /* ThemeManager.swift */ = {isa = PBXFileReference; lastKnownFileType = sourcecode.swift; path = ThemeManager.swift; sourceTree = "<group>"; };
		DC6DE7162CB9FC3F0050F6EF /* Country.swift */ = {isa = PBXFileReference; lastKnownFileType = sourcecode.swift; path = Country.swift; sourceTree = "<group>"; };
		DC6DE7182CB9FC3F0050F6EF /* AuthManager.swift */ = {isa = PBXFileReference; lastKnownFileType = sourcecode.swift; path = AuthManager.swift; sourceTree = "<group>"; };
		DC6DE7192CB9FC3F0050F6EF /* PhoneViewController.swift */ = {isa = PBXFileReference; lastKnownFileType = sourcecode.swift; path = PhoneViewController.swift; sourceTree = "<group>"; };
		DC6DE71A2CB9FC3F0050F6EF /* SMSCodeViewController.swift */ = {isa = PBXFileReference; lastKnownFileType = sourcecode.swift; path = SMSCodeViewController.swift; sourceTree = "<group>"; };
		DC6DE7362CB9FC8D0050F6EF /* CallingCodes.plist */ = {isa = PBXFileReference; lastKnownFileType = text.plist.xml; path = CallingCodes.plist; sourceTree = "<group>"; };
		DC6DE7412CBA50140050F6EF /* GoogleService-Info.plist */ = {isa = PBXFileReference; lastKnownFileType = text.plist.xml; path = "GoogleService-Info.plist"; sourceTree = "<group>"; };
		DC6DE7432CBA530A0050F6EF /* UserViewController.swift */ = {isa = PBXFileReference; lastKnownFileType = sourcecode.swift; path = UserViewController.swift; sourceTree = "<group>"; };
		DC6DE7452CBA5BCF0050F6EF /* MainView.swift */ = {isa = PBXFileReference; lastKnownFileType = sourcecode.swift; path = MainView.swift; sourceTree = "<group>"; };
		DC6DE76C2CBB0D1D0050F6EF /* BillsViewController.swift */ = {isa = PBXFileReference; lastKnownFileType = sourcecode.swift; path = BillsViewController.swift; sourceTree = "<group>"; };
		DC6DE76E2CBB27730050F6EF /* SettleViewController.swift */ = {isa = PBXFileReference; lastKnownFileType = sourcecode.swift; path = SettleViewController.swift; sourceTree = "<group>"; };
		DC6DE7702CBB47A40050F6EF /* UserCircleView.swift */ = {isa = PBXFileReference; lastKnownFileType = sourcecode.swift; path = UserCircleView.swift; sourceTree = "<group>"; };
		DC6DE7722CBB47BF0050F6EF /* CircleLayoutView.swift */ = {isa = PBXFileReference; lastKnownFileType = sourcecode.swift; path = CircleLayoutView.swift; sourceTree = "<group>"; };
		DC6DE7742CBB58AF0050F6EF /* TransactionCell.swift */ = {isa = PBXFileReference; lastKnownFileType = sourcecode.swift; path = TransactionCell.swift; sourceTree = "<group>"; };
		DC6DE7762CBB58C20050F6EF /* TransactionsTableView.swift */ = {isa = PBXFileReference; lastKnownFileType = sourcecode.swift; path = TransactionsTableView.swift; sourceTree = "<group>"; };
		DC6DE7792CBD09240050F6EF /* AddBillView.swift */ = {isa = PBXFileReference; lastKnownFileType = sourcecode.swift; path = AddBillView.swift; sourceTree = "<group>"; };
		DC6DE77C2CBD12030050F6EF /* BillDetailViewController.swift */ = {isa = PBXFileReference; lastKnownFileType = sourcecode.swift; path = BillDetailViewController.swift; sourceTree = "<group>"; };
		DC6DE77E2CBD12560050F6EF /* PhotoViewController.swift */ = {isa = PBXFileReference; lastKnownFileType = sourcecode.swift; path = PhotoViewController.swift; sourceTree = "<group>"; };
		DC6DE7802CBD14EE0050F6EF /* BillDetailTableViewCell.swift */ = {isa = PBXFileReference; lastKnownFileType = sourcecode.swift; path = BillDetailTableViewCell.swift; sourceTree = "<group>"; };
		DC6DE7822CBD190D0050F6EF /* BillDetailViewModel.swift */ = {isa = PBXFileReference; lastKnownFileType = sourcecode.swift; path = BillDetailViewModel.swift; sourceTree = "<group>"; };
		DC6DE7852CBE045F0050F6EF /* CustomCardView.swift */ = {isa = PBXFileReference; lastKnownFileType = sourcecode.swift; path = CustomCardView.swift; sourceTree = "<group>"; };
		DC6DE7882CBE0AFB0050F6EF /* ArchiveViewModel.swift */ = {isa = PBXFileReference; lastKnownFileType = sourcecode.swift; path = ArchiveViewModel.swift; sourceTree = "<group>"; };
		DC6DE78A2CBE0B100050F6EF /* ArchiveViewController.swift */ = {isa = PBXFileReference; lastKnownFileType = sourcecode.swift; path = ArchiveViewController.swift; sourceTree = "<group>"; };
		DC6DE78C2CBE0B600050F6EF /* CardView.swift */ = {isa = PBXFileReference; lastKnownFileType = sourcecode.swift; path = CardView.swift; sourceTree = "<group>"; };
		DC6DE78E2CBE0B830050F6EF /* ArchiveView.swift */ = {isa = PBXFileReference; lastKnownFileType = sourcecode.swift; path = ArchiveView.swift; sourceTree = "<group>"; };
/* End PBXFileReference section */

/* Begin PBXFrameworksBuildPhase section */
		DC4C9EAA2C9FFCCB00ADEA13 /* Frameworks */ = {
			isa = PBXFrameworksBuildPhase;
			buildActionMask = 2147483647;
			files = (
				DC6DE73C2CBA00880050F6EF /* GoogleSignIn in Frameworks */,
				DC6DE6F12CB9F5300050F6EF /* FirebaseDatabase in Frameworks */,
				DC6DE6F32CB9F5300050F6EF /* FirebaseFirestore in Frameworks */,
				DC6DE73E2CBA00880050F6EF /* GoogleSignInSwift in Frameworks */,
				DC6DE6EF2CB9F5300050F6EF /* FirebaseCore in Frameworks */,
				DC6DE6ED2CB9F5300050F6EF /* FirebaseAuth in Frameworks */,
			);
			runOnlyForDeploymentPostprocessing = 0;
		};
/* End PBXFrameworksBuildPhase section */

/* Begin PBXGroup section */
		DC4C9EA42C9FFCCB00ADEA13 = {
			isa = PBXGroup;
			children = (
				DC4C9EAF2C9FFCCB00ADEA13 /* SmoothSettle */,
				DC6DE6EB2CB9F5300050F6EF /* Frameworks */,
				DC4C9EAE2C9FFCCB00ADEA13 /* Products */,
			);
			sourceTree = "<group>";
		};
		DC4C9EAE2C9FFCCB00ADEA13 /* Products */ = {
			isa = PBXGroup;
			children = (
				DC4C9EAD2C9FFCCB00ADEA13 /* SmoothSettle.app */,
			);
			name = Products;
			sourceTree = "<group>";
		};
		DC4C9EAF2C9FFCCB00ADEA13 /* SmoothSettle */ = {
			isa = PBXGroup;
			children = (
				DC6DE71C2CB9FC3F0050F6EF /* Login */,
				DC531AFB2CA1FA590053DC24 /* CoreData */,
				DC4C9EE12CA1297500ADEA13 /* MainView */,
				DC6DE7872CBE0AE90050F6EF /* ArchiveView */,
				DC531B052CA2097E0053DC24 /* PeopleSliderView */,
				DC6DE7842CBE032A0050F6EF /* ShadowContainerView */,
				DC4C9EDC2CA126C000ADEA13 /* Extension+Util */,
				DC4C9EC72CA0BBE900ADEA13 /* Algorithm */,
				DC4C9EB02C9FFCCB00ADEA13 /* AppDelegate.swift */,
				DC6DE7412CBA50140050F6EF /* GoogleService-Info.plist */,
				DC4C9EBC2C9FFCCC00ADEA13 /* Assets.xcassets */,
				DC6DE6F42CB9F7E70050F6EF /* SmoothSettle.entitlements */,
				DC4C9EBE2C9FFCCC00ADEA13 /* LaunchScreen.storyboard */,
				DC4C9EC12C9FFCCC00ADEA13 /* Info.plist */,
				DC6DE7362CB9FC8D0050F6EF /* CallingCodes.plist */,
				DC4C9EB92C9FFCCB00ADEA13 /* SmoothSettle.xcdatamodeld */,
			);
			path = SmoothSettle;
			sourceTree = "<group>";
		};
		DC4C9EC72CA0BBE900ADEA13 /* Algorithm */ = {
			isa = PBXGroup;
			children = (
				DC6DE6E62CB9F0F90050F6EF /* SimplifyDebts.swift */,
			);
			path = Algorithm;
			sourceTree = "<group>";
		};
		DC4C9EDC2CA126C000ADEA13 /* Extension+Util */ = {
			isa = PBXGroup;
			children = (
				DC4C9EDD2CA126D800ADEA13 /* UIColor+Extension.swift */,
				DC4C9EDF2CA1270500ADEA13 /* Colors.swift */,
			);
			path = "Extension+Util";
			sourceTree = "<group>";
		};
		DC4C9EE12CA1297500ADEA13 /* MainView */ = {
			isa = PBXGroup;
			children = (
				DC6DE7782CBBB7C10050F6EF /* SettleView */,
				DC4C9EE42CA12A5F00ADEA13 /* AddTrip */,
				DC531B0F2CA247150053DC24 /* AddBill */,
				DC6DE77B2CBD11EF0050F6EF /* BillDetail */,
				DC4C9EB42C9FFCCB00ADEA13 /* MainViewController.swift */,
				DC6DE7452CBA5BCF0050F6EF /* MainView.swift */,
				DC4C9EE22CA1298100ADEA13 /* MainViewModel.swift */,
				DC531B092CA22AED0053DC24 /* BillTableViewCell.swift */,
				DC531B672CA76D890053DC24 /* BillDetailView.swift */,
				DC6DE7432CBA530A0050F6EF /* UserViewController.swift */,
				DC6DE76C2CBB0D1D0050F6EF /* BillsViewController.swift */,
			);
			path = MainView;
			sourceTree = "<group>";
		};
		DC4C9EE42CA12A5F00ADEA13 /* AddTrip */ = {
			isa = PBXGroup;
			children = (
				DC4C9EE52CA12A7500ADEA13 /* AddTripViewController.swift */,
			);
			path = AddTrip;
			sourceTree = "<group>";
		};
		DC531AFB2CA1FA590053DC24 /* CoreData */ = {
			isa = PBXGroup;
			children = (
				DC531B002CA201B30053DC24 /* CoreDataManager */,
				DC531AEF2CA1FA530053DC24 /* Person+CoreDataClass.swift */,
				DC531AF02CA1FA530053DC24 /* Person+CoreDataProperties.swift */,
				DC531AFE2CA2014C0053DC24 /* Person+Convenience.swift */,
				DC531AF12CA1FA530053DC24 /* Trip+CoreDataClass.swift */,
				DC531AF22CA1FA530053DC24 /* Trip+CoreDataProperties.swift */,
				DC531AF32CA1FA530053DC24 /* Bill+CoreDataClass.swift */,
				DC531AF42CA1FA530053DC24 /* Bill+CoreDataProperties.swift */,
				DC531AFC2CA201350053DC24 /* Trip+Convenience.swift */,
			);
			name = CoreData;
			path = ../CoreData;
			sourceTree = "<group>";
		};
		DC531B002CA201B30053DC24 /* CoreDataManager */ = {
			isa = PBXGroup;
			children = (
				DC531B012CA201C00053DC24 /* TripRepository.swift */,
				DC531B032CA204AC0053DC24 /* CoreDataManager.swift */,
			);
			path = CoreDataManager;
			sourceTree = "<group>";
		};
		DC531B052CA2097E0053DC24 /* PeopleSliderView */ = {
			isa = PBXGroup;
			children = (
				DC531B062CA209920053DC24 /* PeopleSliderView.swift */,
				DC531B122CA24FF40053DC24 /* PeopleCell.swift */,
			);
			path = PeopleSliderView;
			sourceTree = "<group>";
		};
		DC531B0F2CA247150053DC24 /* AddBill */ = {
			isa = PBXGroup;
			children = (
				DC531B102CA247400053DC24 /* AddBillViewController.swift */,
				DC6DE7792CBD09240050F6EF /* AddBillView.swift */,
			);
			path = AddBill;
			sourceTree = "<group>";
		};
		DC6DE6EB2CB9F5300050F6EF /* Frameworks */ = {
			isa = PBXGroup;
			children = (
			);
			name = Frameworks;
			sourceTree = "<group>";
		};
		DC6DE6FA2CB9FC3F0050F6EF /* MainLogin */ = {
			isa = PBXGroup;
			children = (
				DC6DE6F52CB9FC3F0050F6EF /* LoginViewController.swift */,
				DC6DE6F62CB9FC3F0050F6EF /* LoginView.swift */,
				DC6DE6F72CB9FC3F0050F6EF /* DummyViewController.swift */,
				DC6DE6F82CB9FC3F0050F6EF /* AuthenticationButtonsView.swift */,
				DC6DE6F92CB9FC3F0050F6EF /* DividerView.swift */,
			);
			path = MainLogin;
			sourceTree = "<group>";
		};
		DC6DE6FC2CB9FC3F0050F6EF /* PhoneNumber */ = {
			isa = PBXGroup;
			children = (
				DC6DE6FB2CB9FC3F0050F6EF /* PhoneNumberViewContainer.swift */,
			);
			path = PhoneNumber;
			sourceTree = "<group>";
		};
		DC6DE6FE2CB9FC3F0050F6EF /* Verification */ = {
			isa = PBXGroup;
			children = (
				DC6DE6FD2CB9FC3F0050F6EF /* VerificationViewContainer.swift */,
			);
			path = Verification;
			sourceTree = "<group>";
		};
		DC6DE7002CB9FC3F0050F6EF /* Profile */ = {
			isa = PBXGroup;
			children = (
				DC6DE6FF2CB9FC3F0050F6EF /* ProfileViewContainer.swift */,
			);
			path = Profile;
			sourceTree = "<group>";
		};
		DC6DE7012CB9FC3F0050F6EF /* Containers */ = {
			isa = PBXGroup;
			children = (
				DC6DE6FC2CB9FC3F0050F6EF /* PhoneNumber */,
				DC6DE6FE2CB9FC3F0050F6EF /* Verification */,
				DC6DE7002CB9FC3F0050F6EF /* Profile */,
			);
			path = Containers;
			sourceTree = "<group>";
		};
		DC6DE7042CB9FC3F0050F6EF /* PhoneNumber */ = {
			isa = PBXGroup;
			children = (
				DC6DE7022CB9FC3F0050F6EF /* PhoneNumberController.swift */,
				DC6DE7032CB9FC3F0050F6EF /* PhoneNumberViewController.swift */,
			);
			path = PhoneNumber;
			sourceTree = "<group>";
		};
		DC6DE7082CB9FC3F0050F6EF /* Verification */ = {
			isa = PBXGroup;
			children = (
				DC6DE7062CB9FC3F0050F6EF /* VerificationCodeViewController.swift */,
				DC6DE7072CB9FC3F0050F6EF /* VerificationController.swift */,
			);
			path = Verification;
			sourceTree = "<group>";
		};
		DC6DE70A2CB9FC3F0050F6EF /* Country */ = {
			isa = PBXGroup;
			children = (
				DC6DE7092CB9FC3F0050F6EF /* CountryCodeViewController.swift */,
			);
			path = Country;
			sourceTree = "<group>";
		};
		DC6DE70B2CB9FC3F0050F6EF /* Controllers */ = {
			isa = PBXGroup;
			children = (
				DC6DE7042CB9FC3F0050F6EF /* PhoneNumber */,
				DC6DE7052CB9FC3F0050F6EF /* MainTabBarController.swift */,
				DC6DE7082CB9FC3F0050F6EF /* Verification */,
				DC6DE70A2CB9FC3F0050F6EF /* Country */,
			);
			path = Controllers;
			sourceTree = "<group>";
		};
		DC6DE70D2CB9FC3F0050F6EF /* Database */ = {
			isa = PBXGroup;
			children = (
				DC6DE70C2CB9FC3F0050F6EF /* DataGlobal.swift */,
			);
			path = Database;
			sourceTree = "<group>";
		};
		DC6DE7132CB9FC3F0050F6EF /* Extensions */ = {
			isa = PBXGroup;
			children = (
				DC6DE70E2CB9FC3F0050F6EF /* ViewExtensions.swift */,
				DC6DE70F2CB9FC3F0050F6EF /* Utilities.swift */,
				DC6DE7102CB9FC3F0050F6EF /* TableViewCellExtensions.swift */,
				DC6DE7112CB9FC3F0050F6EF /* MethodExtensions.swift */,
				DC6DE7122CB9FC3F0050F6EF /* UITextFieldExtensions.swift */,
			);
			path = Extensions;
			sourceTree = "<group>";
		};
		DC6DE7152CB9FC3F0050F6EF /* Managers */ = {
			isa = PBXGroup;
			children = (
				DC6DE7142CB9FC3F0050F6EF /* ThemeManager.swift */,
			);
			path = Managers;
			sourceTree = "<group>";
		};
		DC6DE7172CB9FC3F0050F6EF /* Models */ = {
			isa = PBXGroup;
			children = (
				DC6DE7162CB9FC3F0050F6EF /* Country.swift */,
			);
			path = Models;
			sourceTree = "<group>";
		};
		DC6DE71B2CB9FC3F0050F6EF /* PhoneLogin */ = {
			isa = PBXGroup;
			children = (
				DC6DE7012CB9FC3F0050F6EF /* Containers */,
				DC6DE70B2CB9FC3F0050F6EF /* Controllers */,
				DC6DE70D2CB9FC3F0050F6EF /* Database */,
				DC6DE7132CB9FC3F0050F6EF /* Extensions */,
				DC6DE7152CB9FC3F0050F6EF /* Managers */,
				DC6DE7172CB9FC3F0050F6EF /* Models */,
				DC6DE7182CB9FC3F0050F6EF /* AuthManager.swift */,
				DC6DE7192CB9FC3F0050F6EF /* PhoneViewController.swift */,
				DC6DE71A2CB9FC3F0050F6EF /* SMSCodeViewController.swift */,
			);
			path = PhoneLogin;
			sourceTree = "<group>";
		};
		DC6DE71C2CB9FC3F0050F6EF /* Login */ = {
			isa = PBXGroup;
			children = (
				DC6DE6FA2CB9FC3F0050F6EF /* MainLogin */,
				DC6DE71B2CB9FC3F0050F6EF /* PhoneLogin */,
			);
			path = Login;
			sourceTree = "<group>";
		};
		DC6DE7782CBBB7C10050F6EF /* SettleView */ = {
			isa = PBXGroup;
			children = (
				DC6DE76E2CBB27730050F6EF /* SettleViewController.swift */,
				DC6DE7702CBB47A40050F6EF /* UserCircleView.swift */,
				DC6DE7722CBB47BF0050F6EF /* CircleLayoutView.swift */,
				DC6DE7742CBB58AF0050F6EF /* TransactionCell.swift */,
				DC6DE7762CBB58C20050F6EF /* TransactionsTableView.swift */,
			);
			path = SettleView;
			sourceTree = "<group>";
		};
		DC6DE77B2CBD11EF0050F6EF /* BillDetail */ = {
			isa = PBXGroup;
			children = (
				DC6DE77C2CBD12030050F6EF /* BillDetailViewController.swift */,
				DC6DE77E2CBD12560050F6EF /* PhotoViewController.swift */,
				DC6DE7802CBD14EE0050F6EF /* BillDetailTableViewCell.swift */,
				DC6DE7822CBD190D0050F6EF /* BillDetailViewModel.swift */,
			);
			path = BillDetail;
			sourceTree = "<group>";
		};
		DC6DE7842CBE032A0050F6EF /* ShadowContainerView */ = {
			isa = PBXGroup;
			children = (
				DC6DE7852CBE045F0050F6EF /* CustomCardView.swift */,
			);
			path = ShadowContainerView;
			sourceTree = "<group>";
		};
		DC6DE7872CBE0AE90050F6EF /* ArchiveView */ = {
			isa = PBXGroup;
			children = (
				DC6DE7882CBE0AFB0050F6EF /* ArchiveViewModel.swift */,
				DC6DE78A2CBE0B100050F6EF /* ArchiveViewController.swift */,
				DC6DE78C2CBE0B600050F6EF /* CardView.swift */,
				DC6DE78E2CBE0B830050F6EF /* ArchiveView.swift */,
			);
			path = ArchiveView;
			sourceTree = "<group>";
		};
/* End PBXGroup section */

/* Begin PBXNativeTarget section */
		DC4C9EAC2C9FFCCB00ADEA13 /* SmoothSettle */ = {
			isa = PBXNativeTarget;
			buildConfigurationList = DC4C9EC42C9FFCCC00ADEA13 /* Build configuration list for PBXNativeTarget "SmoothSettle" */;
			buildPhases = (
				DC4C9EA92C9FFCCB00ADEA13 /* Sources */,
				DC4C9EAA2C9FFCCB00ADEA13 /* Frameworks */,
				DC4C9EAB2C9FFCCB00ADEA13 /* Resources */,
			);
			buildRules = (
			);
			dependencies = (
			);
			name = SmoothSettle;
			productName = SmoothSettle;
			productReference = DC4C9EAD2C9FFCCB00ADEA13 /* SmoothSettle.app */;
			productType = "com.apple.product-type.application";
		};
/* End PBXNativeTarget section */

/* Begin PBXProject section */
		DC4C9EA52C9FFCCB00ADEA13 /* Project object */ = {
			isa = PBXProject;
			attributes = {
				BuildIndependentTargetsInParallel = 1;
				LastSwiftUpdateCheck = 1500;
				LastUpgradeCheck = 1500;
				TargetAttributes = {
					DC4C9EAC2C9FFCCB00ADEA13 = {
						CreatedOnToolsVersion = 15.0;
					};
				};
			};
			buildConfigurationList = DC4C9EA82C9FFCCB00ADEA13 /* Build configuration list for PBXProject "SmoothSettle" */;
			compatibilityVersion = "Xcode 14.0";
			developmentRegion = en;
			hasScannedForEncodings = 0;
			knownRegions = (
				en,
				Base,
			);
			mainGroup = DC4C9EA42C9FFCCB00ADEA13;
			packageReferences = (
				DC6DE6EA2CB9F4200050F6EF /* XCRemoteSwiftPackageReference "firebase-ios-sdk" */,
				DC6DE73A2CBA00880050F6EF /* XCRemoteSwiftPackageReference "GoogleSignIn-iOS" */,
			);
			productRefGroup = DC4C9EAE2C9FFCCB00ADEA13 /* Products */;
			projectDirPath = "";
			projectRoot = "";
			targets = (
				DC4C9EAC2C9FFCCB00ADEA13 /* SmoothSettle */,
			);
		};
/* End PBXProject section */

/* Begin PBXResourcesBuildPhase section */
		DC4C9EAB2C9FFCCB00ADEA13 /* Resources */ = {
			isa = PBXResourcesBuildPhase;
			buildActionMask = 2147483647;
			files = (
				DC6DE7372CB9FC8D0050F6EF /* CallingCodes.plist in Resources */,
				DC6DE7422CBA50140050F6EF /* GoogleService-Info.plist in Resources */,
				DC4C9EC02C9FFCCC00ADEA13 /* LaunchScreen.storyboard in Resources */,
				DC4C9EBD2C9FFCCC00ADEA13 /* Assets.xcassets in Resources */,
			);
			runOnlyForDeploymentPostprocessing = 0;
		};
/* End PBXResourcesBuildPhase section */

/* Begin PBXSourcesBuildPhase section */
		DC4C9EA92C9FFCCB00ADEA13 /* Sources */ = {
			isa = PBXSourcesBuildPhase;
			buildActionMask = 2147483647;
			files = (
				DC531AF92CA1FA530053DC24 /* Bill+CoreDataClass.swift in Sources */,
				DC531AF82CA1FA530053DC24 /* Trip+CoreDataProperties.swift in Sources */,
				DC531B022CA201C00053DC24 /* TripRepository.swift in Sources */,
				DC4C9EDE2CA126D800ADEA13 /* UIColor+Extension.swift in Sources */,
				DC531B0A2CA22AED0053DC24 /* BillTableViewCell.swift in Sources */,
				DC6DE77F2CBD12560050F6EF /* PhotoViewController.swift in Sources */,
				DC531AF52CA1FA530053DC24 /* Person+CoreDataClass.swift in Sources */,
				DC4C9EE02CA1270500ADEA13 /* Colors.swift in Sources */,
				DC531B682CA76D890053DC24 /* BillDetailView.swift in Sources */,
				DC531B132CA24FF40053DC24 /* PeopleCell.swift in Sources */,
				DC531AFA2CA1FA530053DC24 /* Bill+CoreDataProperties.swift in Sources */,
				DC531B112CA247400053DC24 /* AddBillViewController.swift in Sources */,
				DC4C9EBB2C9FFCCB00ADEA13 /* SmoothSettle.xcdatamodeld in Sources */,
				DC6DE7862CBE045F0050F6EF /* CustomCardView.swift in Sources */,
				DC6DE7732CBB47BF0050F6EF /* CircleLayoutView.swift in Sources */,
				DC531AFF2CA2014C0053DC24 /* Person+Convenience.swift in Sources */,
				DC6DE7462CBA5BCF0050F6EF /* MainView.swift in Sources */,
				DC4C9EE62CA12A7500ADEA13 /* AddTripViewController.swift in Sources */,
				DC531AF72CA1FA530053DC24 /* Trip+CoreDataClass.swift in Sources */,
				DC6DE78F2CBE0B830050F6EF /* ArchiveView.swift in Sources */,
				DC531AFD2CA201350053DC24 /* Trip+Convenience.swift in Sources */,
				DC531AF62CA1FA530053DC24 /* Person+CoreDataProperties.swift in Sources */,
				DC6DE71D2CB9FC3F0050F6EF /* PhoneNumberController.swift in Sources */,
				DC6DE71E2CB9FC3F0050F6EF /* MethodExtensions.swift in Sources */,
				DC6DE71F2CB9FC3F0050F6EF /* DummyViewController.swift in Sources */,
				DC6DE7202CB9FC3F0050F6EF /* LoginView.swift in Sources */,
				DC6DE7752CBB58AF0050F6EF /* TransactionCell.swift in Sources */,
				DC6DE77D2CBD12030050F6EF /* BillDetailViewController.swift in Sources */,
				DC6DE7212CB9FC3F0050F6EF /* LoginViewController.swift in Sources */,
				DC6DE7222CB9FC3F0050F6EF /* AuthenticationButtonsView.swift in Sources */,
				DC6DE7232CB9FC3F0050F6EF /* DataGlobal.swift in Sources */,
				DC6DE7242CB9FC3F0050F6EF /* SMSCodeViewController.swift in Sources */,
				DC6DE7252CB9FC3F0050F6EF /* PhoneNumberViewContainer.swift in Sources */,
				DC6DE76D2CBB0D1D0050F6EF /* BillsViewController.swift in Sources */,
				DC6DE7262CB9FC3F0050F6EF /* PhoneNumberViewController.swift in Sources */,
				DC6DE7272CB9FC3F0050F6EF /* VerificationCodeViewController.swift in Sources */,
				DC6DE7282CB9FC3F0050F6EF /* CountryCodeViewController.swift in Sources */,
				DC6DE77A2CBD09240050F6EF /* AddBillView.swift in Sources */,
				DC6DE7292CB9FC3F0050F6EF /* MainTabBarController.swift in Sources */,
				DC6DE7772CBB58C20050F6EF /* TransactionsTableView.swift in Sources */,
				DC6DE72A2CB9FC3F0050F6EF /* ViewExtensions.swift in Sources */,
				DC6DE76F2CBB27730050F6EF /* SettleViewController.swift in Sources */,
				DC6DE72B2CB9FC3F0050F6EF /* UITextFieldExtensions.swift in Sources */,
				DC6DE72C2CB9FC3F0050F6EF /* PhoneViewController.swift in Sources */,
				DC6DE7832CBD190D0050F6EF /* BillDetailViewModel.swift in Sources */,
				DC6DE72D2CB9FC3F0050F6EF /* TableViewCellExtensions.swift in Sources */,
				DC6DE7892CBE0AFB0050F6EF /* ArchiveViewModel.swift in Sources */,
				DC6DE72E2CB9FC3F0050F6EF /* Country.swift in Sources */,
				DC6DE7442CBA530A0050F6EF /* UserViewController.swift in Sources */,
				DC6DE72F2CB9FC3F0050F6EF /* VerificationController.swift in Sources */,
				DC6DE7302CB9FC3F0050F6EF /* VerificationViewContainer.swift in Sources */,
				DC6DE7312CB9FC3F0050F6EF /* ThemeManager.swift in Sources */,
				DC6DE7322CB9FC3F0050F6EF /* AuthManager.swift in Sources */,
				DC6DE7332CB9FC3F0050F6EF /* ProfileViewContainer.swift in Sources */,
				DC6DE7342CB9FC3F0050F6EF /* DividerView.swift in Sources */,
				DC6DE7352CB9FC3F0050F6EF /* Utilities.swift in Sources */,
				DC6DE78B2CBE0B100050F6EF /* ArchiveViewController.swift in Sources */,
				DC6DE7712CBB47A40050F6EF /* UserCircleView.swift in Sources */,
				DC4C9EB52C9FFCCB00ADEA13 /* MainViewController.swift in Sources */,
				DC4C9EB12C9FFCCB00ADEA13 /* AppDelegate.swift in Sources */,
				DC6DE78D2CBE0B600050F6EF /* CardView.swift in Sources */,
				DC531B072CA209920053DC24 /* PeopleSliderView.swift in Sources */,
				DC6DE6E72CB9F0F90050F6EF /* SimplifyDebts.swift in Sources */,
				DC6DE7812CBD14EE0050F6EF /* BillDetailTableViewCell.swift in Sources */,
				DC531B042CA204AC0053DC24 /* CoreDataManager.swift in Sources */,
				DC4C9EE32CA1298100ADEA13 /* MainViewModel.swift in Sources */,
			);
			runOnlyForDeploymentPostprocessing = 0;
		};
/* End PBXSourcesBuildPhase section */

/* Begin PBXVariantGroup section */
		DC4C9EBE2C9FFCCC00ADEA13 /* LaunchScreen.storyboard */ = {
			isa = PBXVariantGroup;
			children = (
				DC4C9EBF2C9FFCCC00ADEA13 /* Base */,
			);
			name = LaunchScreen.storyboard;
			sourceTree = "<group>";
		};
/* End PBXVariantGroup section */

/* Begin XCBuildConfiguration section */
		DC4C9EC22C9FFCCC00ADEA13 /* Debug */ = {
			isa = XCBuildConfiguration;
			buildSettings = {
				ALWAYS_SEARCH_USER_PATHS = NO;
				ASSETCATALOG_COMPILER_GENERATE_SWIFT_ASSET_SYMBOL_EXTENSIONS = YES;
				CLANG_ANALYZER_NONNULL = YES;
				CLANG_ANALYZER_NUMBER_OBJECT_CONVERSION = YES_AGGRESSIVE;
				CLANG_CXX_LANGUAGE_STANDARD = "gnu++20";
				CLANG_ENABLE_MODULES = YES;
				CLANG_ENABLE_OBJC_ARC = YES;
				CLANG_ENABLE_OBJC_WEAK = YES;
				CLANG_WARN_BLOCK_CAPTURE_AUTORELEASING = YES;
				CLANG_WARN_BOOL_CONVERSION = YES;
				CLANG_WARN_COMMA = YES;
				CLANG_WARN_CONSTANT_CONVERSION = YES;
				CLANG_WARN_DEPRECATED_OBJC_IMPLEMENTATIONS = YES;
				CLANG_WARN_DIRECT_OBJC_ISA_USAGE = YES_ERROR;
				CLANG_WARN_DOCUMENTATION_COMMENTS = YES;
				CLANG_WARN_EMPTY_BODY = YES;
				CLANG_WARN_ENUM_CONVERSION = YES;
				CLANG_WARN_INFINITE_RECURSION = YES;
				CLANG_WARN_INT_CONVERSION = YES;
				CLANG_WARN_NON_LITERAL_NULL_CONVERSION = YES;
				CLANG_WARN_OBJC_IMPLICIT_RETAIN_SELF = YES;
				CLANG_WARN_OBJC_LITERAL_CONVERSION = YES;
				CLANG_WARN_OBJC_ROOT_CLASS = YES_ERROR;
				CLANG_WARN_QUOTED_INCLUDE_IN_FRAMEWORK_HEADER = YES;
				CLANG_WARN_RANGE_LOOP_ANALYSIS = YES;
				CLANG_WARN_STRICT_PROTOTYPES = YES;
				CLANG_WARN_SUSPICIOUS_MOVE = YES;
				CLANG_WARN_UNGUARDED_AVAILABILITY = YES_AGGRESSIVE;
				CLANG_WARN_UNREACHABLE_CODE = YES;
				CLANG_WARN__DUPLICATE_METHOD_MATCH = YES;
				COPY_PHASE_STRIP = NO;
				DEBUG_INFORMATION_FORMAT = dwarf;
				ENABLE_STRICT_OBJC_MSGSEND = YES;
				ENABLE_TESTABILITY = YES;
				ENABLE_USER_SCRIPT_SANDBOXING = YES;
				GCC_C_LANGUAGE_STANDARD = gnu17;
				GCC_DYNAMIC_NO_PIC = NO;
				GCC_NO_COMMON_BLOCKS = YES;
				GCC_OPTIMIZATION_LEVEL = 0;
				GCC_PREPROCESSOR_DEFINITIONS = (
					"DEBUG=1",
					"$(inherited)",
				);
				GCC_WARN_64_TO_32_BIT_CONVERSION = YES;
				GCC_WARN_ABOUT_RETURN_TYPE = YES_ERROR;
				GCC_WARN_UNDECLARED_SELECTOR = YES;
				GCC_WARN_UNINITIALIZED_AUTOS = YES_AGGRESSIVE;
				GCC_WARN_UNUSED_FUNCTION = YES;
				GCC_WARN_UNUSED_VARIABLE = YES;
				IPHONEOS_DEPLOYMENT_TARGET = 17.0;
				LOCALIZATION_PREFERS_STRING_CATALOGS = YES;
				MTL_ENABLE_DEBUG_INFO = INCLUDE_SOURCE;
				MTL_FAST_MATH = YES;
				ONLY_ACTIVE_ARCH = YES;
				SDKROOT = iphoneos;
				SWIFT_ACTIVE_COMPILATION_CONDITIONS = "DEBUG $(inherited)";
				SWIFT_OPTIMIZATION_LEVEL = "-Onone";
			};
			name = Debug;
		};
		DC4C9EC32C9FFCCC00ADEA13 /* Release */ = {
			isa = XCBuildConfiguration;
			buildSettings = {
				ALWAYS_SEARCH_USER_PATHS = NO;
				ASSETCATALOG_COMPILER_GENERATE_SWIFT_ASSET_SYMBOL_EXTENSIONS = YES;
				CLANG_ANALYZER_NONNULL = YES;
				CLANG_ANALYZER_NUMBER_OBJECT_CONVERSION = YES_AGGRESSIVE;
				CLANG_CXX_LANGUAGE_STANDARD = "gnu++20";
				CLANG_ENABLE_MODULES = YES;
				CLANG_ENABLE_OBJC_ARC = YES;
				CLANG_ENABLE_OBJC_WEAK = YES;
				CLANG_WARN_BLOCK_CAPTURE_AUTORELEASING = YES;
				CLANG_WARN_BOOL_CONVERSION = YES;
				CLANG_WARN_COMMA = YES;
				CLANG_WARN_CONSTANT_CONVERSION = YES;
				CLANG_WARN_DEPRECATED_OBJC_IMPLEMENTATIONS = YES;
				CLANG_WARN_DIRECT_OBJC_ISA_USAGE = YES_ERROR;
				CLANG_WARN_DOCUMENTATION_COMMENTS = YES;
				CLANG_WARN_EMPTY_BODY = YES;
				CLANG_WARN_ENUM_CONVERSION = YES;
				CLANG_WARN_INFINITE_RECURSION = YES;
				CLANG_WARN_INT_CONVERSION = YES;
				CLANG_WARN_NON_LITERAL_NULL_CONVERSION = YES;
				CLANG_WARN_OBJC_IMPLICIT_RETAIN_SELF = YES;
				CLANG_WARN_OBJC_LITERAL_CONVERSION = YES;
				CLANG_WARN_OBJC_ROOT_CLASS = YES_ERROR;
				CLANG_WARN_QUOTED_INCLUDE_IN_FRAMEWORK_HEADER = YES;
				CLANG_WARN_RANGE_LOOP_ANALYSIS = YES;
				CLANG_WARN_STRICT_PROTOTYPES = YES;
				CLANG_WARN_SUSPICIOUS_MOVE = YES;
				CLANG_WARN_UNGUARDED_AVAILABILITY = YES_AGGRESSIVE;
				CLANG_WARN_UNREACHABLE_CODE = YES;
				CLANG_WARN__DUPLICATE_METHOD_MATCH = YES;
				COPY_PHASE_STRIP = NO;
				DEBUG_INFORMATION_FORMAT = "dwarf-with-dsym";
				ENABLE_NS_ASSERTIONS = NO;
				ENABLE_STRICT_OBJC_MSGSEND = YES;
				ENABLE_USER_SCRIPT_SANDBOXING = YES;
				GCC_C_LANGUAGE_STANDARD = gnu17;
				GCC_NO_COMMON_BLOCKS = YES;
				GCC_WARN_64_TO_32_BIT_CONVERSION = YES;
				GCC_WARN_ABOUT_RETURN_TYPE = YES_ERROR;
				GCC_WARN_UNDECLARED_SELECTOR = YES;
				GCC_WARN_UNINITIALIZED_AUTOS = YES_AGGRESSIVE;
				GCC_WARN_UNUSED_FUNCTION = YES;
				GCC_WARN_UNUSED_VARIABLE = YES;
				IPHONEOS_DEPLOYMENT_TARGET = 17.0;
				LOCALIZATION_PREFERS_STRING_CATALOGS = YES;
				MTL_ENABLE_DEBUG_INFO = NO;
				MTL_FAST_MATH = YES;
				SDKROOT = iphoneos;
				SWIFT_COMPILATION_MODE = wholemodule;
				VALIDATE_PRODUCT = YES;
			};
			name = Release;
		};
		DC4C9EC52C9FFCCC00ADEA13 /* Debug */ = {
			isa = XCBuildConfiguration;
			buildSettings = {
				ASSETCATALOG_COMPILER_APPICON_NAME = AppIcon;
				ASSETCATALOG_COMPILER_GLOBAL_ACCENT_COLOR_NAME = AccentColor;
				CODE_SIGN_ENTITLEMENTS = SmoothSettle/SmoothSettle.entitlements;
				CODE_SIGN_STYLE = Automatic;
				CURRENT_PROJECT_VERSION = 1;
				DEVELOPMENT_TEAM = ZGPM5R49KX;
				GENERATE_INFOPLIST_FILE = YES;
				INFOPLIST_FILE = SmoothSettle/Info.plist;
				INFOPLIST_KEY_UIApplicationSupportsIndirectInputEvents = YES;
				INFOPLIST_KEY_UILaunchStoryboardName = LaunchScreen;
				INFOPLIST_KEY_UISupportedInterfaceOrientations_iPad = "UIInterfaceOrientationPortrait UIInterfaceOrientationPortraitUpsideDown UIInterfaceOrientationLandscapeLeft UIInterfaceOrientationLandscapeRight";
				INFOPLIST_KEY_UISupportedInterfaceOrientations_iPhone = "UIInterfaceOrientationPortrait UIInterfaceOrientationLandscapeLeft UIInterfaceOrientationLandscapeRight";
				IPHONEOS_DEPLOYMENT_TARGET = 16.6;
				LD_RUNPATH_SEARCH_PATHS = (
					"$(inherited)",
					"@executable_path/Frameworks",
				);
				MARKETING_VERSION = 1.0;
				PRODUCT_BUNDLE_IDENTIFIER = dajun.SmoothSettle;
				PRODUCT_NAME = "$(TARGET_NAME)";
				SWIFT_EMIT_LOC_STRINGS = YES;
				SWIFT_VERSION = 5.0;
				TARGETED_DEVICE_FAMILY = "1,2";
			};
			name = Debug;
		};
		DC4C9EC62C9FFCCC00ADEA13 /* Release */ = {
			isa = XCBuildConfiguration;
			buildSettings = {
				ASSETCATALOG_COMPILER_APPICON_NAME = AppIcon;
				ASSETCATALOG_COMPILER_GLOBAL_ACCENT_COLOR_NAME = AccentColor;
				CODE_SIGN_ENTITLEMENTS = SmoothSettle/SmoothSettle.entitlements;
				CODE_SIGN_STYLE = Automatic;
				CURRENT_PROJECT_VERSION = 1;
				DEVELOPMENT_TEAM = ZGPM5R49KX;
				GENERATE_INFOPLIST_FILE = YES;
				INFOPLIST_FILE = SmoothSettle/Info.plist;
				INFOPLIST_KEY_UIApplicationSupportsIndirectInputEvents = YES;
				INFOPLIST_KEY_UILaunchStoryboardName = LaunchScreen;
				INFOPLIST_KEY_UISupportedInterfaceOrientations_iPad = "UIInterfaceOrientationPortrait UIInterfaceOrientationPortraitUpsideDown UIInterfaceOrientationLandscapeLeft UIInterfaceOrientationLandscapeRight";
				INFOPLIST_KEY_UISupportedInterfaceOrientations_iPhone = "UIInterfaceOrientationPortrait UIInterfaceOrientationLandscapeLeft UIInterfaceOrientationLandscapeRight";
				IPHONEOS_DEPLOYMENT_TARGET = 16.6;
				LD_RUNPATH_SEARCH_PATHS = (
					"$(inherited)",
					"@executable_path/Frameworks",
				);
				MARKETING_VERSION = 1.0;
				PRODUCT_BUNDLE_IDENTIFIER = dajun.SmoothSettle;
				PRODUCT_NAME = "$(TARGET_NAME)";
				SWIFT_EMIT_LOC_STRINGS = YES;
				SWIFT_VERSION = 5.0;
				TARGETED_DEVICE_FAMILY = "1,2";
			};
			name = Release;
		};
/* End XCBuildConfiguration section */

/* Begin XCConfigurationList section */
		DC4C9EA82C9FFCCB00ADEA13 /* Build configuration list for PBXProject "SmoothSettle" */ = {
			isa = XCConfigurationList;
			buildConfigurations = (
				DC4C9EC22C9FFCCC00ADEA13 /* Debug */,
				DC4C9EC32C9FFCCC00ADEA13 /* Release */,
			);
			defaultConfigurationIsVisible = 0;
			defaultConfigurationName = Release;
		};
		DC4C9EC42C9FFCCC00ADEA13 /* Build configuration list for PBXNativeTarget "SmoothSettle" */ = {
			isa = XCConfigurationList;
			buildConfigurations = (
				DC4C9EC52C9FFCCC00ADEA13 /* Debug */,
				DC4C9EC62C9FFCCC00ADEA13 /* Release */,
			);
			defaultConfigurationIsVisible = 0;
			defaultConfigurationName = Release;
		};
/* End XCConfigurationList section */

/* Begin XCRemoteSwiftPackageReference section */
		DC6DE6EA2CB9F4200050F6EF /* XCRemoteSwiftPackageReference "firebase-ios-sdk" */ = {
			isa = XCRemoteSwiftPackageReference;
			repositoryURL = "https://github.com/firebase/firebase-ios-sdk";
			requirement = {
				kind = upToNextMajorVersion;
				minimumVersion = 11.3.0;
			};
		};
		DC6DE73A2CBA00880050F6EF /* XCRemoteSwiftPackageReference "GoogleSignIn-iOS" */ = {
			isa = XCRemoteSwiftPackageReference;
			repositoryURL = "https://github.com/google/GoogleSignIn-iOS";
			requirement = {
				kind = upToNextMajorVersion;
				minimumVersion = 8.0.0;
			};
		};
/* End XCRemoteSwiftPackageReference section */

/* Begin XCSwiftPackageProductDependency section */
		DC6DE6EC2CB9F5300050F6EF /* FirebaseAuth */ = {
			isa = XCSwiftPackageProductDependency;
			package = DC6DE6EA2CB9F4200050F6EF /* XCRemoteSwiftPackageReference "firebase-ios-sdk" */;
			productName = FirebaseAuth;
		};
		DC6DE6EE2CB9F5300050F6EF /* FirebaseCore */ = {
			isa = XCSwiftPackageProductDependency;
			package = DC6DE6EA2CB9F4200050F6EF /* XCRemoteSwiftPackageReference "firebase-ios-sdk" */;
			productName = FirebaseCore;
		};
		DC6DE6F02CB9F5300050F6EF /* FirebaseDatabase */ = {
			isa = XCSwiftPackageProductDependency;
			package = DC6DE6EA2CB9F4200050F6EF /* XCRemoteSwiftPackageReference "firebase-ios-sdk" */;
			productName = FirebaseDatabase;
		};
		DC6DE6F22CB9F5300050F6EF /* FirebaseFirestore */ = {
			isa = XCSwiftPackageProductDependency;
			package = DC6DE6EA2CB9F4200050F6EF /* XCRemoteSwiftPackageReference "firebase-ios-sdk" */;
			productName = FirebaseFirestore;
		};
		DC6DE73B2CBA00880050F6EF /* GoogleSignIn */ = {
			isa = XCSwiftPackageProductDependency;
			package = DC6DE73A2CBA00880050F6EF /* XCRemoteSwiftPackageReference "GoogleSignIn-iOS" */;
			productName = GoogleSignIn;
		};
		DC6DE73D2CBA00880050F6EF /* GoogleSignInSwift */ = {
			isa = XCSwiftPackageProductDependency;
			package = DC6DE73A2CBA00880050F6EF /* XCRemoteSwiftPackageReference "GoogleSignIn-iOS" */;
			productName = GoogleSignInSwift;
		};
/* End XCSwiftPackageProductDependency section */

/* Begin XCVersionGroup section */
		DC4C9EB92C9FFCCB00ADEA13 /* SmoothSettle.xcdatamodeld */ = {
			isa = XCVersionGroup;
			children = (
				DC4C9EBA2C9FFCCB00ADEA13 /* SmoothSettle.xcdatamodel */,
			);
			currentVersion = DC4C9EBA2C9FFCCB00ADEA13 /* SmoothSettle.xcdatamodel */;
			path = SmoothSettle.xcdatamodeld;
			sourceTree = "<group>";
			versionGroupType = wrapper.xcdatamodel;
		};
/* End XCVersionGroup section */
	};
	rootObject = DC4C9EA52C9FFCCB00ADEA13 /* Project object */;
}
