// !$*UTF8*$!
{
	archiveVersion = 1;
	classes = {
	};
	objectVersion = 56;
	objects = {

/* Begin PBXBuildFile section */
		DC4C9EB12C9FFCCB00ADEA13 /* AppDelegate.swift in Sources */ = {isa = PBXBuildFile; fileRef = DC4C9EB02C9FFCCB00ADEA13 /* AppDelegate.swift */; };
		DC4C9EB52C9FFCCB00ADEA13 /* MainViewController.swift in Sources */ = {isa = PBXBuildFile; fileRef = DC4C9EB42C9FFCCB00ADEA13 /* MainViewController.swift */; };
		DC4C9EBB2C9FFCCB00ADEA13 /* SmoothSettle.xcdatamodeld in Sources */ = {isa = PBXBuildFile; fileRef = DC4C9EB92C9FFCCB00ADEA13 /* SmoothSettle.xcdatamodeld */; };
		DC4C9EBD2C9FFCCC00ADEA13 /* Assets.xcassets in Resources */ = {isa = PBXBuildFile; fileRef = DC4C9EBC2C9FFCCC00ADEA13 /* Assets.xcassets */; };
		DC4C9EC02C9FFCCC00ADEA13 /* LaunchScreen.storyboard in Resources */ = {isa = PBXBuildFile; fileRef = DC4C9EBE2C9FFCCC00ADEA13 /* LaunchScreen.storyboard */; };
		DC4C9ED72CA0DF7500ADEA13 /* SimplifyDebts.swift in Sources */ = {isa = PBXBuildFile; fileRef = DC4C9ED62CA0DF7500ADEA13 /* SimplifyDebts.swift */; };
		DC4C9ED92CA0DF9A00ADEA13 /* Dinics.swift in Sources */ = {isa = PBXBuildFile; fileRef = DC4C9ED82CA0DF9A00ADEA13 /* Dinics.swift */; };
		DC4C9EDB2CA0DFBF00ADEA13 /* NetworkFlowSolverBase.swift in Sources */ = {isa = PBXBuildFile; fileRef = DC4C9EDA2CA0DFBF00ADEA13 /* NetworkFlowSolverBase.swift */; };
		DC4C9EDE2CA126D800ADEA13 /* UIColor+Extension.swift in Sources */ = {isa = PBXBuildFile; fileRef = DC4C9EDD2CA126D800ADEA13 /* UIColor+Extension.swift */; };
		DC4C9EE02CA1270500ADEA13 /* Colors.swift in Sources */ = {isa = PBXBuildFile; fileRef = DC4C9EDF2CA1270500ADEA13 /* Colors.swift */; };
		DC4C9EE32CA1298100ADEA13 /* MainViewModel.swift in Sources */ = {isa = PBXBuildFile; fileRef = DC4C9EE22CA1298100ADEA13 /* MainViewModel.swift */; };
		DC4C9EE62CA12A7500ADEA13 /* AddTripViewController.swift in Sources */ = {isa = PBXBuildFile; fileRef = DC4C9EE52CA12A7500ADEA13 /* AddTripViewController.swift */; };
		DC531AF52CA1FA530053DC24 /* Person+CoreDataClass.swift in Sources */ = {isa = PBXBuildFile; fileRef = DC531AEF2CA1FA530053DC24 /* Person+CoreDataClass.swift */; };
		DC531AF62CA1FA530053DC24 /* Person+CoreDataProperties.swift in Sources */ = {isa = PBXBuildFile; fileRef = DC531AF02CA1FA530053DC24 /* Person+CoreDataProperties.swift */; };
		DC531AF72CA1FA530053DC24 /* Trip+CoreDataClass.swift in Sources */ = {isa = PBXBuildFile; fileRef = DC531AF12CA1FA530053DC24 /* Trip+CoreDataClass.swift */; };
		DC531AF82CA1FA530053DC24 /* Trip+CoreDataProperties.swift in Sources */ = {isa = PBXBuildFile; fileRef = DC531AF22CA1FA530053DC24 /* Trip+CoreDataProperties.swift */; };
		DC531AF92CA1FA530053DC24 /* Bill+CoreDataClass.swift in Sources */ = {isa = PBXBuildFile; fileRef = DC531AF32CA1FA530053DC24 /* Bill+CoreDataClass.swift */; };
		DC531AFA2CA1FA530053DC24 /* Bill+CoreDataProperties.swift in Sources */ = {isa = PBXBuildFile; fileRef = DC531AF42CA1FA530053DC24 /* Bill+CoreDataProperties.swift */; };
		DC531AFD2CA201350053DC24 /* Trip+Convenience.swift in Sources */ = {isa = PBXBuildFile; fileRef = DC531AFC2CA201350053DC24 /* Trip+Convenience.swift */; };
		DC531AFF2CA2014C0053DC24 /* Person+Convenience.swift in Sources */ = {isa = PBXBuildFile; fileRef = DC531AFE2CA2014C0053DC24 /* Person+Convenience.swift */; };
		DC531B022CA201C00053DC24 /* TripRepository.swift in Sources */ = {isa = PBXBuildFile; fileRef = DC531B012CA201C00053DC24 /* TripRepository.swift */; };
		DC531B042CA204AC0053DC24 /* CoreDataManager.swift in Sources */ = {isa = PBXBuildFile; fileRef = DC531B032CA204AC0053DC24 /* CoreDataManager.swift */; };
		DC531B072CA209920053DC24 /* PeopleSliderView.swift in Sources */ = {isa = PBXBuildFile; fileRef = DC531B062CA209920053DC24 /* PeopleSliderView.swift */; };
		DC531B0A2CA22AED0053DC24 /* BillTableViewCell.swift in Sources */ = {isa = PBXBuildFile; fileRef = DC531B092CA22AED0053DC24 /* BillTableViewCell.swift */; };
		DC531B112CA247400053DC24 /* AddBillViewController.swift in Sources */ = {isa = PBXBuildFile; fileRef = DC531B102CA247400053DC24 /* AddBillViewController.swift */; };
		DC531B132CA24FF40053DC24 /* PeopleCell.swift in Sources */ = {isa = PBXBuildFile; fileRef = DC531B122CA24FF40053DC24 /* PeopleCell.swift */; };
		DC531B682CA76D890053DC24 /* BillDetailView.swift in Sources */ = {isa = PBXBuildFile; fileRef = DC531B672CA76D890053DC24 /* BillDetailView.swift */; };
/* End PBXBuildFile section */

/* Begin PBXFileReference section */
		DC4C9EAD2C9FFCCB00ADEA13 /* SmoothSettle.app */ = {isa = PBXFileReference; explicitFileType = wrapper.application; includeInIndex = 0; path = SmoothSettle.app; sourceTree = BUILT_PRODUCTS_DIR; };
		DC4C9EB02C9FFCCB00ADEA13 /* AppDelegate.swift */ = {isa = PBXFileReference; lastKnownFileType = sourcecode.swift; path = AppDelegate.swift; sourceTree = "<group>"; };
		DC4C9EB42C9FFCCB00ADEA13 /* MainViewController.swift */ = {isa = PBXFileReference; lastKnownFileType = sourcecode.swift; path = MainViewController.swift; sourceTree = "<group>"; };
		DC4C9EBA2C9FFCCB00ADEA13 /* SmoothSettle.xcdatamodel */ = {isa = PBXFileReference; lastKnownFileType = wrapper.xcdatamodel; path = SmoothSettle.xcdatamodel; sourceTree = "<group>"; };
		DC4C9EBC2C9FFCCC00ADEA13 /* Assets.xcassets */ = {isa = PBXFileReference; lastKnownFileType = folder.assetcatalog; path = Assets.xcassets; sourceTree = "<group>"; };
		DC4C9EBF2C9FFCCC00ADEA13 /* Base */ = {isa = PBXFileReference; lastKnownFileType = file.storyboard; name = Base; path = Base.lproj/LaunchScreen.storyboard; sourceTree = "<group>"; };
		DC4C9EC12C9FFCCC00ADEA13 /* Info.plist */ = {isa = PBXFileReference; lastKnownFileType = text.plist.xml; path = Info.plist; sourceTree = "<group>"; };
		DC4C9ED62CA0DF7500ADEA13 /* SimplifyDebts.swift */ = {isa = PBXFileReference; lastKnownFileType = sourcecode.swift; path = SimplifyDebts.swift; sourceTree = "<group>"; };
		DC4C9ED82CA0DF9A00ADEA13 /* Dinics.swift */ = {isa = PBXFileReference; lastKnownFileType = sourcecode.swift; path = Dinics.swift; sourceTree = "<group>"; };
		DC4C9EDA2CA0DFBF00ADEA13 /* NetworkFlowSolverBase.swift */ = {isa = PBXFileReference; lastKnownFileType = sourcecode.swift; path = NetworkFlowSolverBase.swift; sourceTree = "<group>"; };
		DC4C9EDD2CA126D800ADEA13 /* UIColor+Extension.swift */ = {isa = PBXFileReference; lastKnownFileType = sourcecode.swift; path = "UIColor+Extension.swift"; sourceTree = "<group>"; };
		DC4C9EDF2CA1270500ADEA13 /* Colors.swift */ = {isa = PBXFileReference; lastKnownFileType = sourcecode.swift; path = Colors.swift; sourceTree = "<group>"; };
		DC4C9EE22CA1298100ADEA13 /* MainViewModel.swift */ = {isa = PBXFileReference; lastKnownFileType = sourcecode.swift; path = MainViewModel.swift; sourceTree = "<group>"; };
		DC4C9EE52CA12A7500ADEA13 /* AddTripViewController.swift */ = {isa = PBXFileReference; lastKnownFileType = sourcecode.swift; path = AddTripViewController.swift; sourceTree = "<group>"; };
		DC531AEF2CA1FA530053DC24 /* Person+CoreDataClass.swift */ = {isa = PBXFileReference; lastKnownFileType = sourcecode.swift; path = "Person+CoreDataClass.swift"; sourceTree = "<group>"; };
		DC531AF02CA1FA530053DC24 /* Person+CoreDataProperties.swift */ = {isa = PBXFileReference; lastKnownFileType = sourcecode.swift; path = "Person+CoreDataProperties.swift"; sourceTree = "<group>"; };
		DC531AF12CA1FA530053DC24 /* Trip+CoreDataClass.swift */ = {isa = PBXFileReference; lastKnownFileType = sourcecode.swift; path = "Trip+CoreDataClass.swift"; sourceTree = "<group>"; };
		DC531AF22CA1FA530053DC24 /* Trip+CoreDataProperties.swift */ = {isa = PBXFileReference; lastKnownFileType = sourcecode.swift; path = "Trip+CoreDataProperties.swift"; sourceTree = "<group>"; };
		DC531AF32CA1FA530053DC24 /* Bill+CoreDataClass.swift */ = {isa = PBXFileReference; lastKnownFileType = sourcecode.swift; path = "Bill+CoreDataClass.swift"; sourceTree = "<group>"; };
		DC531AF42CA1FA530053DC24 /* Bill+CoreDataProperties.swift */ = {isa = PBXFileReference; lastKnownFileType = sourcecode.swift; path = "Bill+CoreDataProperties.swift"; sourceTree = "<group>"; };
		DC531AFC2CA201350053DC24 /* Trip+Convenience.swift */ = {isa = PBXFileReference; lastKnownFileType = sourcecode.swift; path = "Trip+Convenience.swift"; sourceTree = "<group>"; };
		DC531AFE2CA2014C0053DC24 /* Person+Convenience.swift */ = {isa = PBXFileReference; lastKnownFileType = sourcecode.swift; path = "Person+Convenience.swift"; sourceTree = "<group>"; };
		DC531B012CA201C00053DC24 /* TripRepository.swift */ = {isa = PBXFileReference; lastKnownFileType = sourcecode.swift; path = TripRepository.swift; sourceTree = "<group>"; };
		DC531B032CA204AC0053DC24 /* CoreDataManager.swift */ = {isa = PBXFileReference; lastKnownFileType = sourcecode.swift; path = CoreDataManager.swift; sourceTree = "<group>"; };
		DC531B062CA209920053DC24 /* PeopleSliderView.swift */ = {isa = PBXFileReference; lastKnownFileType = sourcecode.swift; path = PeopleSliderView.swift; sourceTree = "<group>"; };
		DC531B092CA22AED0053DC24 /* BillTableViewCell.swift */ = {isa = PBXFileReference; lastKnownFileType = sourcecode.swift; path = BillTableViewCell.swift; sourceTree = "<group>"; };
		DC531B102CA247400053DC24 /* AddBillViewController.swift */ = {isa = PBXFileReference; lastKnownFileType = sourcecode.swift; path = AddBillViewController.swift; sourceTree = "<group>"; };
		DC531B122CA24FF40053DC24 /* PeopleCell.swift */ = {isa = PBXFileReference; lastKnownFileType = sourcecode.swift; path = PeopleCell.swift; sourceTree = "<group>"; };
		DC531B672CA76D890053DC24 /* BillDetailView.swift */ = {isa = PBXFileReference; lastKnownFileType = sourcecode.swift; path = BillDetailView.swift; sourceTree = "<group>"; };
/* End PBXFileReference section */

/* Begin PBXFrameworksBuildPhase section */
		DC4C9EAA2C9FFCCB00ADEA13 /* Frameworks */ = {
			isa = PBXFrameworksBuildPhase;
			buildActionMask = 2147483647;
			files = (
			);
			runOnlyForDeploymentPostprocessing = 0;
		};
/* End PBXFrameworksBuildPhase section */

/* Begin PBXGroup section */
		DC4C9EA42C9FFCCB00ADEA13 = {
			isa = PBXGroup;
			children = (
				DC4C9EAF2C9FFCCB00ADEA13 /* SmoothSettle */,
				DC4C9EAE2C9FFCCB00ADEA13 /* Products */,
			);
			sourceTree = "<group>";
		};
		DC4C9EAE2C9FFCCB00ADEA13 /* Products */ = {
			isa = PBXGroup;
			children = (
				DC4C9EAD2C9FFCCB00ADEA13 /* SmoothSettle.app */,
			);
			name = Products;
			sourceTree = "<group>";
		};
		DC4C9EAF2C9FFCCB00ADEA13 /* SmoothSettle */ = {
			isa = PBXGroup;
			children = (
				DC531AFB2CA1FA590053DC24 /* CoreData */,
				DC4C9EE12CA1297500ADEA13 /* MainView */,
				DC4C9EE42CA12A5F00ADEA13 /* AddTrip */,
				DC531B0F2CA247150053DC24 /* AddBill */,
				DC531B052CA2097E0053DC24 /* PeopleSliderView */,
				DC4C9EDC2CA126C000ADEA13 /* Extension+Util */,
				DC4C9EC72CA0BBE900ADEA13 /* Algorithm */,
				DC4C9EB02C9FFCCB00ADEA13 /* AppDelegate.swift */,
				DC4C9EBC2C9FFCCC00ADEA13 /* Assets.xcassets */,
				DC4C9EBE2C9FFCCC00ADEA13 /* LaunchScreen.storyboard */,
				DC4C9EC12C9FFCCC00ADEA13 /* Info.plist */,
				DC4C9EB92C9FFCCB00ADEA13 /* SmoothSettle.xcdatamodeld */,
			);
			path = SmoothSettle;
			sourceTree = "<group>";
		};
		DC4C9EC72CA0BBE900ADEA13 /* Algorithm */ = {
			isa = PBXGroup;
			children = (
				DC4C9ED62CA0DF7500ADEA13 /* SimplifyDebts.swift */,
				DC4C9ED82CA0DF9A00ADEA13 /* Dinics.swift */,
				DC4C9EDA2CA0DFBF00ADEA13 /* NetworkFlowSolverBase.swift */,
			);
			path = Algorithm;
			sourceTree = "<group>";
		};
		DC4C9EDC2CA126C000ADEA13 /* Extension+Util */ = {
			isa = PBXGroup;
			children = (
				DC4C9EDD2CA126D800ADEA13 /* UIColor+Extension.swift */,
				DC4C9EDF2CA1270500ADEA13 /* Colors.swift */,
			);
			path = "Extension+Util";
			sourceTree = "<group>";
		};
		DC4C9EE12CA1297500ADEA13 /* MainView */ = {
			isa = PBXGroup;
			children = (
				DC4C9EB42C9FFCCB00ADEA13 /* MainViewController.swift */,
				DC4C9EE22CA1298100ADEA13 /* MainViewModel.swift */,
				DC531B092CA22AED0053DC24 /* BillTableViewCell.swift */,
				DC531B672CA76D890053DC24 /* BillDetailView.swift */,
			);
			path = MainView;
			sourceTree = "<group>";
		};
		DC4C9EE42CA12A5F00ADEA13 /* AddTrip */ = {
			isa = PBXGroup;
			children = (
				DC4C9EE52CA12A7500ADEA13 /* AddTripViewController.swift */,
			);
			path = AddTrip;
			sourceTree = "<group>";
		};
		DC531AFB2CA1FA590053DC24 /* CoreData */ = {
			isa = PBXGroup;
			children = (
				DC531B002CA201B30053DC24 /* CoreDataManager */,
				DC531AEF2CA1FA530053DC24 /* Person+CoreDataClass.swift */,
				DC531AF02CA1FA530053DC24 /* Person+CoreDataProperties.swift */,
				DC531AFE2CA2014C0053DC24 /* Person+Convenience.swift */,
				DC531AF12CA1FA530053DC24 /* Trip+CoreDataClass.swift */,
				DC531AF22CA1FA530053DC24 /* Trip+CoreDataProperties.swift */,
				DC531AF32CA1FA530053DC24 /* Bill+CoreDataClass.swift */,
				DC531AF42CA1FA530053DC24 /* Bill+CoreDataProperties.swift */,
				DC531AFC2CA201350053DC24 /* Trip+Convenience.swift */,
			);
			name = CoreData;
			path = ../CoreData;
			sourceTree = "<group>";
		};
		DC531B002CA201B30053DC24 /* CoreDataManager */ = {
			isa = PBXGroup;
			children = (
				DC531B012CA201C00053DC24 /* TripRepository.swift */,
				DC531B032CA204AC0053DC24 /* CoreDataManager.swift */,
			);
			path = CoreDataManager;
			sourceTree = "<group>";
		};
		DC531B052CA2097E0053DC24 /* PeopleSliderView */ = {
			isa = PBXGroup;
			children = (
				DC531B062CA209920053DC24 /* PeopleSliderView.swift */,
				DC531B122CA24FF40053DC24 /* PeopleCell.swift */,
			);
			path = PeopleSliderView;
			sourceTree = "<group>";
		};
		DC531B0F2CA247150053DC24 /* AddBill */ = {
			isa = PBXGroup;
			children = (
				DC531B102CA247400053DC24 /* AddBillViewController.swift */,
			);
			path = AddBill;
			sourceTree = "<group>";
		};
/* End PBXGroup section */

/* Begin PBXNativeTarget section */
		DC4C9EAC2C9FFCCB00ADEA13 /* SmoothSettle */ = {
			isa = PBXNativeTarget;
			buildConfigurationList = DC4C9EC42C9FFCCC00ADEA13 /* Build configuration list for PBXNativeTarget "SmoothSettle" */;
			buildPhases = (
				DC4C9EA92C9FFCCB00ADEA13 /* Sources */,
				DC4C9EAA2C9FFCCB00ADEA13 /* Frameworks */,
				DC4C9EAB2C9FFCCB00ADEA13 /* Resources */,
			);
			buildRules = (
			);
			dependencies = (
			);
			name = SmoothSettle;
			productName = SmoothSettle;
			productReference = DC4C9EAD2C9FFCCB00ADEA13 /* SmoothSettle.app */;
			productType = "com.apple.product-type.application";
		};
/* End PBXNativeTarget section */

/* Begin PBXProject section */
		DC4C9EA52C9FFCCB00ADEA13 /* Project object */ = {
			isa = PBXProject;
			attributes = {
				BuildIndependentTargetsInParallel = 1;
				LastSwiftUpdateCheck = 1500;
				LastUpgradeCheck = 1500;
				TargetAttributes = {
					DC4C9EAC2C9FFCCB00ADEA13 = {
						CreatedOnToolsVersion = 15.0;
					};
				};
			};
			buildConfigurationList = DC4C9EA82C9FFCCB00ADEA13 /* Build configuration list for PBXProject "SmoothSettle" */;
			compatibilityVersion = "Xcode 14.0";
			developmentRegion = en;
			hasScannedForEncodings = 0;
			knownRegions = (
				en,
				Base,
			);
			mainGroup = DC4C9EA42C9FFCCB00ADEA13;
			productRefGroup = DC4C9EAE2C9FFCCB00ADEA13 /* Products */;
			projectDirPath = "";
			projectRoot = "";
			targets = (
				DC4C9EAC2C9FFCCB00ADEA13 /* SmoothSettle */,
			);
		};
/* End PBXProject section */

/* Begin PBXResourcesBuildPhase section */
		DC4C9EAB2C9FFCCB00ADEA13 /* Resources */ = {
			isa = PBXResourcesBuildPhase;
			buildActionMask = 2147483647;
			files = (
				DC4C9EC02C9FFCCC00ADEA13 /* LaunchScreen.storyboard in Resources */,
				DC4C9EBD2C9FFCCC00ADEA13 /* Assets.xcassets in Resources */,
			);
			runOnlyForDeploymentPostprocessing = 0;
		};
/* End PBXResourcesBuildPhase section */

/* Begin PBXSourcesBuildPhase section */
		DC4C9EA92C9FFCCB00ADEA13 /* Sources */ = {
			isa = PBXSourcesBuildPhase;
			buildActionMask = 2147483647;
			files = (
				DC531AF92CA1FA530053DC24 /* Bill+CoreDataClass.swift in Sources */,
				DC531AF82CA1FA530053DC24 /* Trip+CoreDataProperties.swift in Sources */,
				DC531B022CA201C00053DC24 /* TripRepository.swift in Sources */,
				DC4C9EDE2CA126D800ADEA13 /* UIColor+Extension.swift in Sources */,
				DC531B0A2CA22AED0053DC24 /* BillTableViewCell.swift in Sources */,
				DC531AF52CA1FA530053DC24 /* Person+CoreDataClass.swift in Sources */,
				DC4C9EE02CA1270500ADEA13 /* Colors.swift in Sources */,
				DC4C9EDB2CA0DFBF00ADEA13 /* NetworkFlowSolverBase.swift in Sources */,
				DC531B682CA76D890053DC24 /* BillDetailView.swift in Sources */,
				DC531B132CA24FF40053DC24 /* PeopleCell.swift in Sources */,
				DC531AFA2CA1FA530053DC24 /* Bill+CoreDataProperties.swift in Sources */,
				DC531B112CA247400053DC24 /* AddBillViewController.swift in Sources */,
				DC4C9EBB2C9FFCCB00ADEA13 /* SmoothSettle.xcdatamodeld in Sources */,
				DC531AFF2CA2014C0053DC24 /* Person+Convenience.swift in Sources */,
				DC4C9ED92CA0DF9A00ADEA13 /* Dinics.swift in Sources */,
				DC4C9EE62CA12A7500ADEA13 /* AddTripViewController.swift in Sources */,
				DC531AF72CA1FA530053DC24 /* Trip+CoreDataClass.swift in Sources */,
				DC531AFD2CA201350053DC24 /* Trip+Convenience.swift in Sources */,
				DC4C9ED72CA0DF7500ADEA13 /* SimplifyDebts.swift in Sources */,
				DC531AF62CA1FA530053DC24 /* Person+CoreDataProperties.swift in Sources */,
				DC4C9EB52C9FFCCB00ADEA13 /* MainViewController.swift in Sources */,
				DC4C9EB12C9FFCCB00ADEA13 /* AppDelegate.swift in Sources */,
				DC531B072CA209920053DC24 /* PeopleSliderView.swift in Sources */,
				DC531B042CA204AC0053DC24 /* CoreDataManager.swift in Sources */,
				DC4C9EE32CA1298100ADEA13 /* MainViewModel.swift in Sources */,
			);
			runOnlyForDeploymentPostprocessing = 0;
		};
/* End PBXSourcesBuildPhase section */

/* Begin PBXVariantGroup section */
		DC4C9EBE2C9FFCCC00ADEA13 /* LaunchScreen.storyboard */ = {
			isa = PBXVariantGroup;
			children = (
				DC4C9EBF2C9FFCCC00ADEA13 /* Base */,
			);
			name = LaunchScreen.storyboard;
			sourceTree = "<group>";
		};
/* End PBXVariantGroup section */

/* Begin XCBuildConfiguration section */
		DC4C9EC22C9FFCCC00ADEA13 /* Debug */ = {
			isa = XCBuildConfiguration;
			buildSettings = {
				ALWAYS_SEARCH_USER_PATHS = NO;
				ASSETCATALOG_COMPILER_GENERATE_SWIFT_ASSET_SYMBOL_EXTENSIONS = YES;
				CLANG_ANALYZER_NONNULL = YES;
				CLANG_ANALYZER_NUMBER_OBJECT_CONVERSION = YES_AGGRESSIVE;
				CLANG_CXX_LANGUAGE_STANDARD = "gnu++20";
				CLANG_ENABLE_MODULES = YES;
				CLANG_ENABLE_OBJC_ARC = YES;
				CLANG_ENABLE_OBJC_WEAK = YES;
				CLANG_WARN_BLOCK_CAPTURE_AUTORELEASING = YES;
				CLANG_WARN_BOOL_CONVERSION = YES;
				CLANG_WARN_COMMA = YES;
				CLANG_WARN_CONSTANT_CONVERSION = YES;
				CLANG_WARN_DEPRECATED_OBJC_IMPLEMENTATIONS = YES;
				CLANG_WARN_DIRECT_OBJC_ISA_USAGE = YES_ERROR;
				CLANG_WARN_DOCUMENTATION_COMMENTS = YES;
				CLANG_WARN_EMPTY_BODY = YES;
				CLANG_WARN_ENUM_CONVERSION = YES;
				CLANG_WARN_INFINITE_RECURSION = YES;
				CLANG_WARN_INT_CONVERSION = YES;
				CLANG_WARN_NON_LITERAL_NULL_CONVERSION = YES;
				CLANG_WARN_OBJC_IMPLICIT_RETAIN_SELF = YES;
				CLANG_WARN_OBJC_LITERAL_CONVERSION = YES;
				CLANG_WARN_OBJC_ROOT_CLASS = YES_ERROR;
				CLANG_WARN_QUOTED_INCLUDE_IN_FRAMEWORK_HEADER = YES;
				CLANG_WARN_RANGE_LOOP_ANALYSIS = YES;
				CLANG_WARN_STRICT_PROTOTYPES = YES;
				CLANG_WARN_SUSPICIOUS_MOVE = YES;
				CLANG_WARN_UNGUARDED_AVAILABILITY = YES_AGGRESSIVE;
				CLANG_WARN_UNREACHABLE_CODE = YES;
				CLANG_WARN__DUPLICATE_METHOD_MATCH = YES;
				COPY_PHASE_STRIP = NO;
				DEBUG_INFORMATION_FORMAT = dwarf;
				ENABLE_STRICT_OBJC_MSGSEND = YES;
				ENABLE_TESTABILITY = YES;
				ENABLE_USER_SCRIPT_SANDBOXING = YES;
				GCC_C_LANGUAGE_STANDARD = gnu17;
				GCC_DYNAMIC_NO_PIC = NO;
				GCC_NO_COMMON_BLOCKS = YES;
				GCC_OPTIMIZATION_LEVEL = 0;
				GCC_PREPROCESSOR_DEFINITIONS = (
					"DEBUG=1",
					"$(inherited)",
				);
				GCC_WARN_64_TO_32_BIT_CONVERSION = YES;
				GCC_WARN_ABOUT_RETURN_TYPE = YES_ERROR;
				GCC_WARN_UNDECLARED_SELECTOR = YES;
				GCC_WARN_UNINITIALIZED_AUTOS = YES_AGGRESSIVE;
				GCC_WARN_UNUSED_FUNCTION = YES;
				GCC_WARN_UNUSED_VARIABLE = YES;
				IPHONEOS_DEPLOYMENT_TARGET = 17.0;
				LOCALIZATION_PREFERS_STRING_CATALOGS = YES;
				MTL_ENABLE_DEBUG_INFO = INCLUDE_SOURCE;
				MTL_FAST_MATH = YES;
				ONLY_ACTIVE_ARCH = YES;
				SDKROOT = iphoneos;
				SWIFT_ACTIVE_COMPILATION_CONDITIONS = "DEBUG $(inherited)";
				SWIFT_OPTIMIZATION_LEVEL = "-Onone";
			};
			name = Debug;
		};
		DC4C9EC32C9FFCCC00ADEA13 /* Release */ = {
			isa = XCBuildConfiguration;
			buildSettings = {
				ALWAYS_SEARCH_USER_PATHS = NO;
				ASSETCATALOG_COMPILER_GENERATE_SWIFT_ASSET_SYMBOL_EXTENSIONS = YES;
				CLANG_ANALYZER_NONNULL = YES;
				CLANG_ANALYZER_NUMBER_OBJECT_CONVERSION = YES_AGGRESSIVE;
				CLANG_CXX_LANGUAGE_STANDARD = "gnu++20";
				CLANG_ENABLE_MODULES = YES;
				CLANG_ENABLE_OBJC_ARC = YES;
				CLANG_ENABLE_OBJC_WEAK = YES;
				CLANG_WARN_BLOCK_CAPTURE_AUTORELEASING = YES;
				CLANG_WARN_BOOL_CONVERSION = YES;
				CLANG_WARN_COMMA = YES;
				CLANG_WARN_CONSTANT_CONVERSION = YES;
				CLANG_WARN_DEPRECATED_OBJC_IMPLEMENTATIONS = YES;
				CLANG_WARN_DIRECT_OBJC_ISA_USAGE = YES_ERROR;
				CLANG_WARN_DOCUMENTATION_COMMENTS = YES;
				CLANG_WARN_EMPTY_BODY = YES;
				CLANG_WARN_ENUM_CONVERSION = YES;
				CLANG_WARN_INFINITE_RECURSION = YES;
				CLANG_WARN_INT_CONVERSION = YES;
				CLANG_WARN_NON_LITERAL_NULL_CONVERSION = YES;
				CLANG_WARN_OBJC_IMPLICIT_RETAIN_SELF = YES;
				CLANG_WARN_OBJC_LITERAL_CONVERSION = YES;
				CLANG_WARN_OBJC_ROOT_CLASS = YES_ERROR;
				CLANG_WARN_QUOTED_INCLUDE_IN_FRAMEWORK_HEADER = YES;
				CLANG_WARN_RANGE_LOOP_ANALYSIS = YES;
				CLANG_WARN_STRICT_PROTOTYPES = YES;
				CLANG_WARN_SUSPICIOUS_MOVE = YES;
				CLANG_WARN_UNGUARDED_AVAILABILITY = YES_AGGRESSIVE;
				CLANG_WARN_UNREACHABLE_CODE = YES;
				CLANG_WARN__DUPLICATE_METHOD_MATCH = YES;
				COPY_PHASE_STRIP = NO;
				DEBUG_INFORMATION_FORMAT = "dwarf-with-dsym";
				ENABLE_NS_ASSERTIONS = NO;
				ENABLE_STRICT_OBJC_MSGSEND = YES;
				ENABLE_USER_SCRIPT_SANDBOXING = YES;
				GCC_C_LANGUAGE_STANDARD = gnu17;
				GCC_NO_COMMON_BLOCKS = YES;
				GCC_WARN_64_TO_32_BIT_CONVERSION = YES;
				GCC_WARN_ABOUT_RETURN_TYPE = YES_ERROR;
				GCC_WARN_UNDECLARED_SELECTOR = YES;
				GCC_WARN_UNINITIALIZED_AUTOS = YES_AGGRESSIVE;
				GCC_WARN_UNUSED_FUNCTION = YES;
				GCC_WARN_UNUSED_VARIABLE = YES;
				IPHONEOS_DEPLOYMENT_TARGET = 17.0;
				LOCALIZATION_PREFERS_STRING_CATALOGS = YES;
				MTL_ENABLE_DEBUG_INFO = NO;
				MTL_FAST_MATH = YES;
				SDKROOT = iphoneos;
				SWIFT_COMPILATION_MODE = wholemodule;
				VALIDATE_PRODUCT = YES;
			};
			name = Release;
		};
		DC4C9EC52C9FFCCC00ADEA13 /* Debug */ = {
			isa = XCBuildConfiguration;
			buildSettings = {
				ASSETCATALOG_COMPILER_APPICON_NAME = AppIcon;
				ASSETCATALOG_COMPILER_GLOBAL_ACCENT_COLOR_NAME = AccentColor;
				CODE_SIGN_STYLE = Automatic;
				CURRENT_PROJECT_VERSION = 1;
				DEVELOPMENT_TEAM = ZGPM5R49KX;
				GENERATE_INFOPLIST_FILE = YES;
				INFOPLIST_FILE = SmoothSettle/Info.plist;
				INFOPLIST_KEY_UIApplicationSupportsIndirectInputEvents = YES;
				INFOPLIST_KEY_UILaunchStoryboardName = LaunchScreen;
				INFOPLIST_KEY_UISupportedInterfaceOrientations_iPad = "UIInterfaceOrientationPortrait UIInterfaceOrientationPortraitUpsideDown UIInterfaceOrientationLandscapeLeft UIInterfaceOrientationLandscapeRight";
				INFOPLIST_KEY_UISupportedInterfaceOrientations_iPhone = "UIInterfaceOrientationPortrait UIInterfaceOrientationLandscapeLeft UIInterfaceOrientationLandscapeRight";
				LD_RUNPATH_SEARCH_PATHS = (
					"$(inherited)",
					"@executable_path/Frameworks",
				);
				MARKETING_VERSION = 1.0;
				PRODUCT_BUNDLE_IDENTIFIER = dajun.SmoothSettle;
				PRODUCT_NAME = "$(TARGET_NAME)";
				SWIFT_EMIT_LOC_STRINGS = YES;
				SWIFT_VERSION = 5.0;
				TARGETED_DEVICE_FAMILY = "1,2";
			};
			name = Debug;
		};
		DC4C9EC62C9FFCCC00ADEA13 /* Release */ = {
			isa = XCBuildConfiguration;
			buildSettings = {
				ASSETCATALOG_COMPILER_APPICON_NAME = AppIcon;
				ASSETCATALOG_COMPILER_GLOBAL_ACCENT_COLOR_NAME = AccentColor;
				CODE_SIGN_STYLE = Automatic;
				CURRENT_PROJECT_VERSION = 1;
				DEVELOPMENT_TEAM = ZGPM5R49KX;
				GENERATE_INFOPLIST_FILE = YES;
				INFOPLIST_FILE = SmoothSettle/Info.plist;
				INFOPLIST_KEY_UIApplicationSupportsIndirectInputEvents = YES;
				INFOPLIST_KEY_UILaunchStoryboardName = LaunchScreen;
				INFOPLIST_KEY_UISupportedInterfaceOrientations_iPad = "UIInterfaceOrientationPortrait UIInterfaceOrientationPortraitUpsideDown UIInterfaceOrientationLandscapeLeft UIInterfaceOrientationLandscapeRight";
				INFOPLIST_KEY_UISupportedInterfaceOrientations_iPhone = "UIInterfaceOrientationPortrait UIInterfaceOrientationLandscapeLeft UIInterfaceOrientationLandscapeRight";
				LD_RUNPATH_SEARCH_PATHS = (
					"$(inherited)",
					"@executable_path/Frameworks",
				);
				MARKETING_VERSION = 1.0;
				PRODUCT_BUNDLE_IDENTIFIER = dajun.SmoothSettle;
				PRODUCT_NAME = "$(TARGET_NAME)";
				SWIFT_EMIT_LOC_STRINGS = YES;
				SWIFT_VERSION = 5.0;
				TARGETED_DEVICE_FAMILY = "1,2";
			};
			name = Release;
		};
/* End XCBuildConfiguration section */

/* Begin XCConfigurationList section */
		DC4C9EA82C9FFCCB00ADEA13 /* Build configuration list for PBXProject "SmoothSettle" */ = {
			isa = XCConfigurationList;
			buildConfigurations = (
				DC4C9EC22C9FFCCC00ADEA13 /* Debug */,
				DC4C9EC32C9FFCCC00ADEA13 /* Release */,
			);
			defaultConfigurationIsVisible = 0;
			defaultConfigurationName = Release;
		};
		DC4C9EC42C9FFCCC00ADEA13 /* Build configuration list for PBXNativeTarget "SmoothSettle" */ = {
			isa = XCConfigurationList;
			buildConfigurations = (
				DC4C9EC52C9FFCCC00ADEA13 /* Debug */,
				DC4C9EC62C9FFCCC00ADEA13 /* Release */,
			);
			defaultConfigurationIsVisible = 0;
			defaultConfigurationName = Release;
		};
/* End XCConfigurationList section */

/* Begin XCVersionGroup section */
		DC4C9EB92C9FFCCB00ADEA13 /* SmoothSettle.xcdatamodeld */ = {
			isa = XCVersionGroup;
			children = (
				DC4C9EBA2C9FFCCB00ADEA13 /* SmoothSettle.xcdatamodel */,
			);
			currentVersion = DC4C9EBA2C9FFCCB00ADEA13 /* SmoothSettle.xcdatamodel */;
			path = SmoothSettle.xcdatamodeld;
			sourceTree = "<group>";
			versionGroupType = wrapper.xcdatamodel;
		};
/* End XCVersionGroup section */
	};
	rootObject = DC4C9EA52C9FFCCB00ADEA13 /* Project object */;
}
